{
    "version": 3,
    "terraform_version": "0.11.8",
    "serial": 18,
    "lineage": "2b00fe2b-b5f2-100e-1ae8-8dbb091e37fa",
    "modules": [
        {
            "path": [
                "root"
            ],
            "outputs": {
                "Custom_SG-ID": {
                    "sensitive": false,
                    "type": "string",
                    "value": "sg-08bda0380b006aa5d"
                },
                "VPC-CIDR": {
                    "sensitive": false,
                    "type": "string",
                    "value": "10.20.0.0/16"
                },
                "us-east-1a-10.20.1.0-public_CIDR": {
                    "sensitive": false,
                    "type": "string",
                    "value": "10.20.1.0/24"
                },
                "us-east-1a-10.20.2.0-public_CIDR": {
                    "sensitive": false,
                    "type": "string",
                    "value": "10.20.2.0/24"
                },
                "us-east-1a-10.20.2.0-public_SubnetID": {
                    "sensitive": false,
                    "type": "string",
                    "value": "subnet-0d4c2125bd6c47511"
                },
                "us-east-1a-10.20.3.0-public_CIDR": {
                    "sensitive": false,
                    "type": "string",
                    "value": "10.20.3.0/24"
                },
                "us-east-1a-10.20.3.0-public_SubnetID": {
                    "sensitive": false,
                    "type": "string",
                    "value": "subnet-004c225b49d082e50"
                },
                "us-east-1a-10.20.4.0-private_CIDR": {
                    "sensitive": false,
                    "type": "string",
                    "value": "10.20.4.0/24"
                },
                "us-east-1a-10.20.4.0-private_SubnetID": {
                    "sensitive": false,
                    "type": "string",
                    "value": "subnet-0f2ba302726047666"
                },
                "us-east-1a-10.20.5.0-private_CIDR": {
                    "sensitive": false,
                    "type": "string",
                    "value": "10.20.5.0/24"
                },
                "us-east-1a-10.20.5.0-private_SubnetID": {
                    "sensitive": false,
                    "type": "string",
                    "value": "subnet-05647077dedda4953"
                },
                "us-east-1a-10.20.6.0-private_CIDR": {
                    "sensitive": false,
                    "type": "string",
                    "value": "10.20.6.0/24"
                },
                "us-east-1a-10.20.6.0-private_SubnetID": {
                    "sensitive": false,
                    "type": "string",
                    "value": "subnet-0b6288dc075ab39e6"
                },
                "us-east-1a-20.1.1.0-public_SubnetID": {
                    "sensitive": false,
                    "type": "string",
                    "value": "subnet-097dd4043dda3de5d"
                }
            },
            "resources": {
                "aws_eip.EIP": {
                    "type": "aws_eip",
                    "depends_on": [],
                    "primary": {
                        "id": "eipalloc-043cb8b19c297bfcd",
                        "attributes": {
                            "association_id": "",
                            "domain": "vpc",
                            "id": "eipalloc-043cb8b19c297bfcd",
                            "instance": "",
                            "network_interface": "",
                            "private_ip": "",
                            "public_ip": "54.198.149.89",
                            "tags.%": "1",
                            "tags.Name": "us-east-1f_10.20.6.0/24_EIP",
                            "vpc": "true"
                        },
                        "meta": {
                            "e2bfb730-ecaa-11e6-8f88-34363bc7c4c0": {
                                "delete": 180000000000,
                                "read": 900000000000,
                                "update": 300000000000
                            }
                        },
                        "tainted": false
                    },
                    "deposed": [],
                    "provider": "provider.aws"
                },
                "aws_internet_gateway.IGW": {
                    "type": "aws_internet_gateway",
                    "depends_on": [
                        "aws_vpc.IMP_vpc"
                    ],
                    "primary": {
                        "id": "igw-0b93640f450ea1b12",
                        "attributes": {
                            "id": "igw-0b93640f450ea1b12",
                            "tags.%": "1",
                            "tags.Name": "us-east-1_10.20.0.0/24_IGW",
                            "vpc_id": "vpc-075d34294cff846a1"
                        },
                        "meta": {},
                        "tainted": false
                    },
                    "deposed": [],
                    "provider": "provider.aws"
                },
                "aws_main_route_table_association.MainRtPr": {
                    "type": "aws_main_route_table_association",
                    "depends_on": [
                        "aws_route_table.PrivateRt",
                        "aws_vpc.IMP_vpc"
                    ],
                    "primary": {
                        "id": "rtbassoc-07e58608903ce00e3",
                        "attributes": {
                            "id": "rtbassoc-07e58608903ce00e3",
                            "original_route_table_id": "rtb-06b9d8b830aaac355",
                            "route_table_id": "rtb-060127197707071a0",
                            "vpc_id": "vpc-075d34294cff846a1"
                        },
                        "meta": {},
                        "tainted": false
                    },
                    "deposed": [],
                    "provider": "provider.aws"
                },
                "aws_nat_gateway.NAT": {
                    "type": "aws_nat_gateway",
                    "depends_on": [
                        "aws_eip.EIP",
                        "aws_internet_gateway.IGW",
                        "aws_subnet.us-east-1a-public"
                    ],
                    "primary": {
                        "id": "nat-0e57fddbd06b5416d",
                        "attributes": {
                            "allocation_id": "eipalloc-043cb8b19c297bfcd",
                            "id": "nat-0e57fddbd06b5416d",
                            "network_interface_id": "eni-0d7fb2f96741a6ad7",
                            "private_ip": "10.20.1.118",
                            "public_ip": "54.198.149.89",
                            "subnet_id": "subnet-097dd4043dda3de5d",
                            "tags.%": "1",
                            "tags.Name": "us-east-1_10.20.0.0/24_NAT"
                        },
                        "meta": {},
                        "tainted": false
                    },
                    "deposed": [],
                    "provider": "provider.aws"
                },
                "aws_route_table.PrivateRt": {
                    "type": "aws_route_table",
                    "depends_on": [
                        "aws_internet_gateway.IGW",
                        "aws_vpc.IMP_vpc"
                    ],
                    "primary": {
                        "id": "rtb-060127197707071a0",
                        "attributes": {
                            "id": "rtb-060127197707071a0",
                            "propagating_vgws.#": "0",
                            "route.#": "1",
                            "route.3596009623.cidr_block": "0.0.0.0/0",
                            "route.3596009623.egress_only_gateway_id": "",
                            "route.3596009623.gateway_id": "igw-0b93640f450ea1b12",
                            "route.3596009623.instance_id": "",
                            "route.3596009623.ipv6_cidr_block": "",
                            "route.3596009623.nat_gateway_id": "",
                            "route.3596009623.network_interface_id": "",
                            "route.3596009623.vpc_peering_connection_id": "",
                            "tags.%": "1",
                            "tags.Name": "us-east-1_10.20.0.0/24_PrivateRT",
                            "vpc_id": "vpc-075d34294cff846a1"
                        },
                        "meta": {},
                        "tainted": false
                    },
                    "deposed": [],
                    "provider": "provider.aws"
                },
                "aws_route_table.PublicRt": {
                    "type": "aws_route_table",
                    "depends_on": [
                        "aws_internet_gateway.IGW",
                        "aws_vpc.IMP_vpc"
                    ],
                    "primary": {
                        "id": "rtb-0a60ac60cd13db538",
                        "attributes": {
                            "id": "rtb-0a60ac60cd13db538",
                            "propagating_vgws.#": "0",
                            "route.#": "1",
                            "route.3596009623.cidr_block": "0.0.0.0/0",
                            "route.3596009623.egress_only_gateway_id": "",
                            "route.3596009623.gateway_id": "igw-0b93640f450ea1b12",
                            "route.3596009623.instance_id": "",
                            "route.3596009623.ipv6_cidr_block": "",
                            "route.3596009623.nat_gateway_id": "",
                            "route.3596009623.network_interface_id": "",
                            "route.3596009623.vpc_peering_connection_id": "",
                            "tags.%": "1",
                            "tags.Name": "us-east-1_10.20.0.0/24_PublicRT",
                            "vpc_id": "vpc-075d34294cff846a1"
                        },
                        "meta": {},
                        "tainted": false
                    },
                    "deposed": [],
                    "provider": "provider.aws"
                },
                "aws_route_table_association.PriRTA1": {
                    "type": "aws_route_table_association",
                    "depends_on": [
                        "aws_route_table.PrivateRt",
                        "aws_subnet.us-east-1d-private"
                    ],
                    "primary": {
                        "id": "rtbassoc-04fba67add18949f7",
                        "attributes": {
                            "id": "rtbassoc-04fba67add18949f7",
                            "route_table_id": "rtb-060127197707071a0",
                            "subnet_id": "subnet-0f2ba302726047666"
                        },
                        "meta": {},
                        "tainted": false
                    },
                    "deposed": [],
                    "provider": "provider.aws"
                },
                "aws_route_table_association.PriRTA2": {
                    "type": "aws_route_table_association",
                    "depends_on": [
                        "aws_route_table.PrivateRt",
                        "aws_subnet.us-east-1e-private"
                    ],
                    "primary": {
                        "id": "rtbassoc-04771292389b30131",
                        "attributes": {
                            "id": "rtbassoc-04771292389b30131",
                            "route_table_id": "rtb-060127197707071a0",
                            "subnet_id": "subnet-05647077dedda4953"
                        },
                        "meta": {},
                        "tainted": false
                    },
                    "deposed": [],
                    "provider": "provider.aws"
                },
                "aws_route_table_association.PriRTA3": {
                    "type": "aws_route_table_association",
                    "depends_on": [
                        "aws_route_table.PrivateRt",
                        "aws_subnet.us-east-1f-private"
                    ],
                    "primary": {
                        "id": "rtbassoc-0c6bf0bf300fe97e4",
                        "attributes": {
                            "id": "rtbassoc-0c6bf0bf300fe97e4",
                            "route_table_id": "rtb-060127197707071a0",
                            "subnet_id": "subnet-0b6288dc075ab39e6"
                        },
                        "meta": {},
                        "tainted": false
                    },
                    "deposed": [],
                    "provider": "provider.aws"
                },
                "aws_route_table_association.PubRTA1": {
                    "type": "aws_route_table_association",
                    "depends_on": [
                        "aws_route_table.PublicRt",
                        "aws_subnet.us-east-1a-public"
                    ],
                    "primary": {
                        "id": "rtbassoc-02f510945337fc103",
                        "attributes": {
                            "id": "rtbassoc-02f510945337fc103",
                            "route_table_id": "rtb-0a60ac60cd13db538",
                            "subnet_id": "subnet-097dd4043dda3de5d"
                        },
                        "meta": {},
                        "tainted": false
                    },
                    "deposed": [],
                    "provider": "provider.aws"
                },
                "aws_route_table_association.PubRTA2": {
                    "type": "aws_route_table_association",
                    "depends_on": [
                        "aws_route_table.PublicRt",
                        "aws_subnet.us-east-1b-public"
                    ],
                    "primary": {
                        "id": "rtbassoc-06d535a41616c18df",
                        "attributes": {
                            "id": "rtbassoc-06d535a41616c18df",
                            "route_table_id": "rtb-0a60ac60cd13db538",
                            "subnet_id": "subnet-0d4c2125bd6c47511"
                        },
                        "meta": {},
                        "tainted": false
                    },
                    "deposed": [],
                    "provider": "provider.aws"
                },
                "aws_route_table_association.PubRTA3": {
                    "type": "aws_route_table_association",
                    "depends_on": [
                        "aws_route_table.PublicRt",
                        "aws_subnet.us-east-1c-public"
                    ],
                    "primary": {
                        "id": "rtbassoc-0c4576f29060af166",
                        "attributes": {
                            "id": "rtbassoc-0c4576f29060af166",
                            "route_table_id": "rtb-0a60ac60cd13db538",
                            "subnet_id": "subnet-004c225b49d082e50"
                        },
                        "meta": {},
                        "tainted": false
                    },
                    "deposed": [],
                    "provider": "provider.aws"
                },
                "aws_security_group.IMPsec": {
                    "type": "aws_security_group",
                    "depends_on": [
                        "aws_vpc.IMP_vpc"
                    ],
                    "primary": {
                        "id": "sg-08bda0380b006aa5d",
                        "attributes": {
                            "arn": "arn:aws:ec2:us-east-1:340375321911:security-group/sg-08bda0380b006aa5d",
                            "description": "SG for us-east-1_10.20.0.0_VPC",
                            "egress.#": "1",
                            "egress.482069346.cidr_blocks.#": "1",
                            "egress.482069346.cidr_blocks.0": "0.0.0.0/0",
                            "egress.482069346.description": "",
                            "egress.482069346.from_port": "0",
                            "egress.482069346.ipv6_cidr_blocks.#": "0",
                            "egress.482069346.prefix_list_ids.#": "0",
                            "egress.482069346.protocol": "-1",
                            "egress.482069346.security_groups.#": "0",
                            "egress.482069346.self": "false",
                            "egress.482069346.to_port": "0",
                            "id": "sg-08bda0380b006aa5d",
                            "ingress.#": "1",
                            "ingress.3482118232.cidr_blocks.#": "1",
                            "ingress.3482118232.cidr_blocks.0": "122.160.234.0/32",
                            "ingress.3482118232.description": "",
                            "ingress.3482118232.from_port": "22",
                            "ingress.3482118232.ipv6_cidr_blocks.#": "0",
                            "ingress.3482118232.prefix_list_ids.#": "0",
                            "ingress.3482118232.protocol": "tcp",
                            "ingress.3482118232.security_groups.#": "0",
                            "ingress.3482118232.self": "true",
                            "ingress.3482118232.to_port": "22",
                            "name": "Default SG",
                            "owner_id": "340375321911",
                            "revoke_rules_on_delete": "false",
                            "tags.%": "1",
                            "tags.Name": "SG",
                            "vpc_id": "vpc-075d34294cff846a1"
                        },
                        "meta": {
                            "e2bfb730-ecaa-11e6-8f88-34363bc7c4c0": {
                                "create": 600000000000,
                                "delete": 600000000000
                            },
                            "schema_version": "1"
                        },
                        "tainted": false
                    },
                    "deposed": [],
                    "provider": "provider.aws"
                },
                "aws_security_group_rule.AllTraffic": {
                    "type": "aws_security_group_rule",
                    "depends_on": [
                        "aws_security_group.IMPsec"
                    ],
                    "primary": {
                        "id": "sgrule-2863640779",
                        "attributes": {
                            "cidr_blocks.#": "1",
                            "cidr_blocks.0": "0.0.0.0/0",
                            "description": "",
                            "from_port": "0",
                            "id": "sgrule-2863640779",
                            "ipv6_cidr_blocks.#": "0",
                            "prefix_list_ids.#": "0",
                            "protocol": "-1",
                            "security_group_id": "sg-08bda0380b006aa5d",
                            "self": "false",
                            "to_port": "0",
                            "type": "egress"
                        },
                        "meta": {
                            "schema_version": "2"
                        },
                        "tainted": false
                    },
                    "deposed": [],
                    "provider": "provider.aws"
                },
                "aws_security_group_rule.SshIMP": {
                    "type": "aws_security_group_rule",
                    "depends_on": [
                        "aws_security_group.IMPsec"
                    ],
                    "primary": {
                        "id": "sgrule-777241116",
                        "attributes": {
                            "cidr_blocks.#": "1",
                            "cidr_blocks.0": "122.160.234.0/32",
                            "description": "",
                            "from_port": "22",
                            "id": "sgrule-777241116",
                            "ipv6_cidr_blocks.#": "0",
                            "prefix_list_ids.#": "0",
                            "protocol": "tcp",
                            "security_group_id": "sg-08bda0380b006aa5d",
                            "self": "false",
                            "to_port": "22",
                            "type": "ingress"
                        },
                        "meta": {
                            "schema_version": "2"
                        },
                        "tainted": false
                    },
                    "deposed": [],
                    "provider": "provider.aws"
                },
                "aws_security_group_rule.SshSelf": {
                    "type": "aws_security_group_rule",
                    "depends_on": [
                        "aws_security_group.IMPsec"
                    ],
                    "primary": {
                        "id": "sgrule-3380112962",
                        "attributes": {
                            "cidr_blocks.#": "0",
                            "description": "",
                            "from_port": "22",
                            "id": "sgrule-3380112962",
                            "ipv6_cidr_blocks.#": "0",
                            "prefix_list_ids.#": "0",
                            "protocol": "tcp",
                            "security_group_id": "sg-08bda0380b006aa5d",
                            "self": "true",
                            "source_security_group_id": "sg-08bda0380b006aa5d",
                            "to_port": "22",
                            "type": "ingress"
                        },
                        "meta": {
                            "schema_version": "2"
                        },
                        "tainted": false
                    },
                    "deposed": [],
                    "provider": "provider.aws"
                },
                "aws_subnet.us-east-1a-public": {
                    "type": "aws_subnet",
                    "depends_on": [
                        "aws_vpc.IMP_vpc",
                        "data.aws_availability_zones.azs"
                    ],
                    "primary": {
                        "id": "subnet-097dd4043dda3de5d",
                        "attributes": {
                            "arn": "arn:aws:ec2:us-east-1:340375321911:subnet/subnet-097dd4043dda3de5d",
                            "assign_ipv6_address_on_creation": "false",
                            "availability_zone": "us-east-1a",
                            "cidr_block": "10.20.1.0/24",
                            "id": "subnet-097dd4043dda3de5d",
                            "map_public_ip_on_launch": "false",
                            "tags.%": "1",
                            "tags.Name": "us-east-1_10.20.1.0/24_Pub",
                            "vpc_id": "vpc-075d34294cff846a1"
                        },
                        "meta": {
                            "e2bfb730-ecaa-11e6-8f88-34363bc7c4c0": {
                                "create": 600000000000,
                                "delete": 600000000000
                            },
                            "schema_version": "1"
                        },
                        "tainted": false
                    },
                    "deposed": [],
                    "provider": "provider.aws"
                },
                "aws_subnet.us-east-1b-public": {
                    "type": "aws_subnet",
                    "depends_on": [
                        "aws_vpc.IMP_vpc",
                        "data.aws_availability_zones.azs"
                    ],
                    "primary": {
                        "id": "subnet-0d4c2125bd6c47511",
                        "attributes": {
                            "arn": "arn:aws:ec2:us-east-1:340375321911:subnet/subnet-0d4c2125bd6c47511",
                            "assign_ipv6_address_on_creation": "false",
                            "availability_zone": "us-east-1b",
                            "cidr_block": "10.20.2.0/24",
                            "id": "subnet-0d4c2125bd6c47511",
                            "map_public_ip_on_launch": "false",
                            "tags.%": "1",
                            "tags.Name": "us-east-1b_10.20.2.0/24_Pub",
                            "vpc_id": "vpc-075d34294cff846a1"
                        },
                        "meta": {
                            "e2bfb730-ecaa-11e6-8f88-34363bc7c4c0": {
                                "create": 600000000000,
                                "delete": 600000000000
                            },
                            "schema_version": "1"
                        },
                        "tainted": false
                    },
                    "deposed": [],
                    "provider": "provider.aws"
                },
                "aws_subnet.us-east-1c-public": {
                    "type": "aws_subnet",
                    "depends_on": [
                        "aws_vpc.IMP_vpc",
                        "data.aws_availability_zones.azs"
                    ],
                    "primary": {
                        "id": "subnet-004c225b49d082e50",
                        "attributes": {
                            "arn": "arn:aws:ec2:us-east-1:340375321911:subnet/subnet-004c225b49d082e50",
                            "assign_ipv6_address_on_creation": "false",
                            "availability_zone": "us-east-1c",
                            "cidr_block": "10.20.3.0/24",
                            "id": "subnet-004c225b49d082e50",
                            "map_public_ip_on_launch": "false",
                            "tags.%": "1",
                            "tags.Name": "us-east-1c_10.20.3.0/24_Pub",
                            "vpc_id": "vpc-075d34294cff846a1"
                        },
                        "meta": {
                            "e2bfb730-ecaa-11e6-8f88-34363bc7c4c0": {
                                "create": 600000000000,
                                "delete": 600000000000
                            },
                            "schema_version": "1"
                        },
                        "tainted": false
                    },
                    "deposed": [],
                    "provider": "provider.aws"
                },
                "aws_subnet.us-east-1d-private": {
                    "type": "aws_subnet",
                    "depends_on": [
                        "aws_vpc.IMP_vpc",
                        "data.aws_availability_zones.azs"
                    ],
                    "primary": {
                        "id": "subnet-0f2ba302726047666",
                        "attributes": {
                            "arn": "arn:aws:ec2:us-east-1:340375321911:subnet/subnet-0f2ba302726047666",
                            "assign_ipv6_address_on_creation": "false",
                            "availability_zone": "us-east-1d",
                            "cidr_block": "10.20.4.0/24",
                            "id": "subnet-0f2ba302726047666",
                            "map_public_ip_on_launch": "false",
                            "tags.%": "1",
                            "tags.Name": "us-east-1d_10.20.4.0/24_Pri",
                            "vpc_id": "vpc-075d34294cff846a1"
                        },
                        "meta": {
                            "e2bfb730-ecaa-11e6-8f88-34363bc7c4c0": {
                                "create": 600000000000,
                                "delete": 600000000000
                            },
                            "schema_version": "1"
                        },
                        "tainted": false
                    },
                    "deposed": [],
                    "provider": "provider.aws"
                },
                "aws_subnet.us-east-1e-private": {
                    "type": "aws_subnet",
                    "depends_on": [
                        "aws_vpc.IMP_vpc",
                        "data.aws_availability_zones.azs"
                    ],
                    "primary": {
                        "id": "subnet-05647077dedda4953",
                        "attributes": {
                            "arn": "arn:aws:ec2:us-east-1:340375321911:subnet/subnet-05647077dedda4953",
                            "assign_ipv6_address_on_creation": "false",
                            "availability_zone": "us-east-1e",
                            "cidr_block": "10.20.5.0/24",
                            "id": "subnet-05647077dedda4953",
                            "map_public_ip_on_launch": "false",
                            "tags.%": "1",
                            "tags.Name": "us-east-1e_10.20.5.0/24_Pri",
                            "vpc_id": "vpc-075d34294cff846a1"
                        },
                        "meta": {
                            "e2bfb730-ecaa-11e6-8f88-34363bc7c4c0": {
                                "create": 600000000000,
                                "delete": 600000000000
                            },
                            "schema_version": "1"
                        },
                        "tainted": false
                    },
                    "deposed": [],
                    "provider": "provider.aws"
                },
                "aws_subnet.us-east-1f-private": {
                    "type": "aws_subnet",
                    "depends_on": [
                        "aws_vpc.IMP_vpc",
                        "data.aws_availability_zones.azs"
                    ],
                    "primary": {
                        "id": "subnet-0b6288dc075ab39e6",
                        "attributes": {
                            "arn": "arn:aws:ec2:us-east-1:340375321911:subnet/subnet-0b6288dc075ab39e6",
                            "assign_ipv6_address_on_creation": "false",
                            "availability_zone": "us-east-1f",
                            "cidr_block": "10.20.6.0/24",
                            "id": "subnet-0b6288dc075ab39e6",
                            "map_public_ip_on_launch": "false",
                            "tags.%": "1",
                            "tags.Name": "us-east-1f_10.20.6.0/24_Pri",
                            "vpc_id": "vpc-075d34294cff846a1"
                        },
                        "meta": {
                            "e2bfb730-ecaa-11e6-8f88-34363bc7c4c0": {
                                "create": 600000000000,
                                "delete": 600000000000
                            },
                            "schema_version": "1"
                        },
                        "tainted": false
                    },
                    "deposed": [],
                    "provider": "provider.aws"
                },
                "aws_vpc.IMP_vpc": {
                    "type": "aws_vpc",
                    "depends_on": [],
                    "primary": {
                        "id": "vpc-075d34294cff846a1",
                        "attributes": {
                            "arn": "arn:aws:ec2:us-east-1:340375321911:vpc/vpc-075d34294cff846a1",
                            "assign_generated_ipv6_cidr_block": "false",
                            "cidr_block": "10.20.0.0/16",
                            "default_network_acl_id": "acl-0de92c384ca1f1b41",
                            "default_route_table_id": "rtb-060127197707071a0",
                            "default_security_group_id": "sg-0008da1f1a94f7b33",
                            "dhcp_options_id": "dopt-b98992c1",
                            "enable_classiclink": "false",
                            "enable_classiclink_dns_support": "false",
                            "enable_dns_hostnames": "false",
                            "enable_dns_support": "true",
                            "id": "vpc-075d34294cff846a1",
                            "instance_tenancy": "default",
                            "main_route_table_id": "rtb-060127197707071a0",
                            "tags.%": "1",
                            "tags.Name": "us-east-1-10.20.0.0/16"
                        },
                        "meta": {
                            "schema_version": "1"
                        },
                        "tainted": false
                    },
                    "deposed": [],
                    "provider": "provider.aws"
                },
                "data.aws_availability_zones.azs": {
                    "type": "aws_availability_zones",
                    "depends_on": [],
                    "primary": {
                        "id": "2018-10-03 08:43:44.3763478 +0000 UTC",
                        "attributes": {
                            "id": "2018-10-03 08:43:44.3763478 +0000 UTC",
                            "names.#": "6",
                            "names.0": "us-east-1a",
                            "names.1": "us-east-1b",
                            "names.2": "us-east-1c",
                            "names.3": "us-east-1d",
                            "names.4": "us-east-1e",
                            "names.5": "us-east-1f"
                        },
                        "meta": {},
                        "tainted": false
                    },
                    "deposed": [],
                    "provider": "provider.aws"
                }
            },
            "depends_on": []
        }
    ]
}
