{
    "version": 3,
    "terraform_version": "0.11.8",
    "serial": 16,
    "lineage": "623ef43c-be05-6129-1853-fbfe6bf7469f",
    "modules": [
        {
            "path": [
                "root"
            ],
            "outputs": {
                "1private_CIDR": {
                    "sensitive": false,
                    "type": "string",
                    "value": "10.20.7.0/24"
                },
                "1private_SubnetID": {
                    "sensitive": false,
                    "type": "string",
                    "value": "subnet-01ae72aab8e83b6eb"
                },
                "1public_CIDR": {
                    "sensitive": false,
                    "type": "string",
                    "value": "10.20.1.0/24"
                },
                "1public_SubnetID": {
                    "sensitive": false,
                    "type": "string",
                    "value": "subnet-0cc6d339652c64799"
                },
                "2private_CIDR": {
                    "sensitive": false,
                    "type": "string",
                    "value": "10.20.8.0/24"
                },
                "2private_SubnetID": {
                    "sensitive": false,
                    "type": "string",
                    "value": "subnet-0acf0945d1b6b495d"
                },
                "2public_CIDR": {
                    "sensitive": false,
                    "type": "string",
                    "value": "10.20.2.0/24"
                },
                "2public_SubnetID": {
                    "sensitive": false,
                    "type": "string",
                    "value": "subnet-0558d32389b96692f"
                },
                "3private_CIDR": {
                    "sensitive": false,
                    "type": "string",
                    "value": "10.20.9.0/24"
                },
                "3private_SubnetID": {
                    "sensitive": false,
                    "type": "string",
                    "value": "subnet-0678b0d64802ee395"
                },
                "3public_CIDR": {
                    "sensitive": false,
                    "type": "string",
                    "value": "10.20.3.0/24"
                },
                "3public_SubnetID": {
                    "sensitive": false,
                    "type": "string",
                    "value": "subnet-027448bd67f3abaa8"
                },
                "4private_CIDR": {
                    "sensitive": false,
                    "type": "string",
                    "value": "10.20.10.0/24"
                },
                "4private_SubnetID": {
                    "sensitive": false,
                    "type": "string",
                    "value": "subnet-0ee5a28946b9aef8e"
                },
                "4public_CIDR": {
                    "sensitive": false,
                    "type": "string",
                    "value": "10.20.4.0/24"
                },
                "4public_SubnetID": {
                    "sensitive": false,
                    "type": "string",
                    "value": "subnet-061d43cd5550c6a50"
                },
                "5private_CIDR": {
                    "sensitive": false,
                    "type": "string",
                    "value": "10.20.11.0/24"
                },
                "5private_SubnetID": {
                    "sensitive": false,
                    "type": "string",
                    "value": "subnet-03185258b56531638"
                },
                "5public_CIDR": {
                    "sensitive": false,
                    "type": "string",
                    "value": "10.20.5.0/24"
                },
                "5public_SubnetID": {
                    "sensitive": false,
                    "type": "string",
                    "value": "subnet-0d13ac0bd6a94ebdf"
                },
                "6private_CIDR": {
                    "sensitive": false,
                    "type": "string",
                    "value": "10.20.12.0/24"
                },
                "6private_SubnetID": {
                    "sensitive": false,
                    "type": "string",
                    "value": "subnet-0174b17884c716332"
                },
                "6public_CIDR": {
                    "sensitive": false,
                    "type": "string",
                    "value": "10.20.6.0/24"
                },
                "6public_SubnetID": {
                    "sensitive": false,
                    "type": "string",
                    "value": "subnet-0cb266a8358ce0970"
                },
                "Availability Zone": {
                    "sensitive": false,
                    "type": "string",
                    "value": "us-east-1a"
                },
                "DB_Inst_ID": {
                    "sensitive": false,
                    "type": "string",
                    "value": "mysqlrds"
                },
                "Instance_Password": {
                    "sensitive": false,
                    "type": "string",
                    "value": "r@8Mlq$lGW8KcPoIhO*TWI.hg6VA-\u00265y"
                },
                "Pri-SecGrp-ID": {
                    "sensitive": false,
                    "type": "string",
                    "value": "sg-03de07e88c99dd4cd"
                },
                "Private IP": {
                    "sensitive": false,
                    "type": "string",
                    "value": "10.20.1.127"
                },
                "Public IP": {
                    "sensitive": false,
                    "type": "string",
                    "value": "34.229.149.177"
                },
                "VPC-CIDR": {
                    "sensitive": false,
                    "type": "string",
                    "value": "10.20.0.0/16"
                },
                "vpc_ID": {
                    "sensitive": false,
                    "type": "string",
                    "value": "vpc-05ba17d6628091429"
                }
            },
            "resources": {
                "aws_alb_target_group.ALB-GRP": {
                    "type": "aws_alb_target_group",
                    "depends_on": [
                        "aws_vpc.IMP_vpc"
                    ],
                    "primary": {
                        "id": "arn:aws:elasticloadbalancing:us-east-1:755382930802:targetgroup/ALB-GRP/6db0f7b35d934852",
                        "attributes": {
                            "arn": "arn:aws:elasticloadbalancing:us-east-1:755382930802:targetgroup/ALB-GRP/6db0f7b35d934852",
                            "arn_suffix": "targetgroup/ALB-GRP/6db0f7b35d934852",
                            "deregistration_delay": "300",
                            "health_check.#": "1",
                            "health_check.0.healthy_threshold": "3",
                            "health_check.0.interval": "30",
                            "health_check.0.matcher": "200",
                            "health_check.0.path": "/",
                            "health_check.0.port": "80",
                            "health_check.0.protocol": "HTTP",
                            "health_check.0.timeout": "5",
                            "health_check.0.unhealthy_threshold": "3",
                            "id": "arn:aws:elasticloadbalancing:us-east-1:755382930802:targetgroup/ALB-GRP/6db0f7b35d934852",
                            "name": "ALB-GRP",
                            "port": "80",
                            "protocol": "HTTP",
                            "proxy_protocol_v2": "false",
                            "slow_start": "0",
                            "stickiness.#": "1",
                            "stickiness.0.cookie_duration": "86400",
                            "stickiness.0.enabled": "false",
                            "stickiness.0.type": "lb_cookie",
                            "tags.%": "1",
                            "tags.Name": "ALB-GRP",
                            "target_type": "instance",
                            "vpc_id": "vpc-05ba17d6628091429"
                        },
                        "meta": {},
                        "tainted": false
                    },
                    "deposed": [],
                    "provider": "provider.aws"
                },
                "aws_alb_target_group_attachment.IMP-ALB-GRP-ATT": {
                    "type": "aws_alb_target_group_attachment",
                    "depends_on": [
                        "aws_alb_target_group.ALB-GRP",
                        "aws_instance.PubInst"
                    ],
                    "primary": {
                        "id": "arn:aws:elasticloadbalancing:us-east-1:755382930802:targetgroup/ALB-GRP/6db0f7b35d934852-20181026112757508800000001",
                        "attributes": {
                            "id": "arn:aws:elasticloadbalancing:us-east-1:755382930802:targetgroup/ALB-GRP/6db0f7b35d934852-20181026112757508800000001",
                            "port": "80",
                            "target_group_arn": "arn:aws:elasticloadbalancing:us-east-1:755382930802:targetgroup/ALB-GRP/6db0f7b35d934852",
                            "target_id": "i-0c9738d05218a0ddb"
                        },
                        "meta": {},
                        "tainted": false
                    },
                    "deposed": [],
                    "provider": "provider.aws"
                },
                "aws_db_instance.IMP-RDS-01-01": {
                    "type": "aws_db_instance",
                    "depends_on": [
                        "aws_db_subnet_group.IMP-RDS-Subnet-Grp",
                        "aws_security_group.Pub_sec",
                        "aws_security_group.Rds_Sec"
                    ],
                    "primary": {
                        "id": "mysqlrds",
                        "attributes": {
                            "address": "mysqlrds.csrtk7gj6gxn.us-east-1.rds.amazonaws.com",
                            "allocated_storage": "50",
                            "arn": "arn:aws:rds:us-east-1:755382930802:db:mysqlrds",
                            "auto_minor_version_upgrade": "true",
                            "availability_zone": "us-east-1a",
                            "backup_retention_period": "0",
                            "backup_window": "09:30-10:00",
                            "ca_cert_identifier": "rds-ca-2015",
                            "copy_tags_to_snapshot": "false",
                            "db_subnet_group_name": "main_subnet_group",
                            "deletion_protection": "false",
                            "domain": "",
                            "domain_iam_role_name": "",
                            "enabled_cloudwatch_logs_exports.#": "0",
                            "endpoint": "mysqlrds.csrtk7gj6gxn.us-east-1.rds.amazonaws.com:3306",
                            "engine": "mysql",
                            "engine_version": "8.0.11",
                            "final_snapshot_identifier": "whatever",
                            "hosted_zone_id": "Z2R2ITUGPM61AM",
                            "iam_database_authentication_enabled": "false",
                            "id": "mysqlrds",
                            "identifier": "mysqlrds",
                            "instance_class": "db.t2.medium",
                            "iops": "0",
                            "kms_key_id": "",
                            "license_model": "general-public-license",
                            "maintenance_window": "sun:04:37-sun:05:07",
                            "monitoring_interval": "0",
                            "multi_az": "false",
                            "name": "mydb",
                            "option_group_name": "default:mysql-8-0",
                            "parameter_group_name": "default.mysql8.0",
                            "password": "mypassword",
                            "port": "3306",
                            "publicly_accessible": "false",
                            "replicas.#": "0",
                            "replicate_source_db": "",
                            "resource_id": "db-MM4S63YSNV4WOYL7NT2B6W7JDY",
                            "security_group_names.#": "0",
                            "skip_final_snapshot": "true",
                            "status": "available",
                            "storage_encrypted": "false",
                            "storage_type": "gp2",
                            "tags.%": "1",
                            "tags.Name": "IMP-RDS-01-01",
                            "timezone": "",
                            "username": "myuser",
                            "vpc_security_group_ids.#": "2",
                            "vpc_security_group_ids.3373212764": "sg-0d1bdde62fe84ed46",
                            "vpc_security_group_ids.3983461932": "sg-0afa3f363dfaeab58"
                        },
                        "meta": {
                            "e2bfb730-ecaa-11e6-8f88-34363bc7c4c0": {
                                "create": 2400000000000,
                                "delete": 2400000000000,
                                "update": 4800000000000
                            }
                        },
                        "tainted": false
                    },
                    "deposed": [],
                    "provider": "provider.aws"
                },
                "aws_db_subnet_group.IMP-RDS-Subnet-Grp": {
                    "type": "aws_db_subnet_group",
                    "depends_on": [
                        "aws_subnet.us-east-1a-private.*",
                        "aws_subnet.us-east-1b-private.*",
                        "aws_subnet.us-east-1c-private.*",
                        "aws_subnet.us-east-1d-private.*",
                        "aws_subnet.us-east-1e-private.*",
                        "aws_subnet.us-east-1f-private.*"
                    ],
                    "primary": {
                        "id": "main_subnet_group",
                        "attributes": {
                            "arn": "arn:aws:rds:us-east-1:755382930802:subgrp:main_subnet_group",
                            "description": "Main group of Subnets",
                            "id": "main_subnet_group",
                            "name": "main_subnet_group",
                            "subnet_ids.#": "6",
                            "subnet_ids.1522119655": "subnet-0174b17884c716332",
                            "subnet_ids.1733607083": "subnet-01ae72aab8e83b6eb",
                            "subnet_ids.1783508458": "subnet-0678b0d64802ee395",
                            "subnet_ids.2565301506": "subnet-03185258b56531638",
                            "subnet_ids.4000588673": "subnet-0acf0945d1b6b495d",
                            "subnet_ids.4007961338": "subnet-0ee5a28946b9aef8e",
                            "tags.%": "1",
                            "tags.Name": "IMP-RDS-Subnet-Grp"
                        },
                        "meta": {},
                        "tainted": false
                    },
                    "deposed": [],
                    "provider": "provider.aws"
                },
                "aws_eip.EIP": {
                    "type": "aws_eip",
                    "depends_on": [],
                    "primary": {
                        "id": "eipalloc-0245fb5bcf38555b8",
                        "attributes": {
                            "association_id": "eipassoc-8e8f9654",
                            "domain": "vpc",
                            "id": "eipalloc-0245fb5bcf38555b8",
                            "instance": "",
                            "network_interface": "eni-0023f8b85d6cbbbbb",
                            "private_ip": "10.20.1.81",
                            "public_ip": "100.24.89.127",
                            "tags.%": "1",
                            "tags.Name": "us-east-1a_10.20.1.0/24_EIP",
                            "vpc": "true"
                        },
                        "meta": {
                            "e2bfb730-ecaa-11e6-8f88-34363bc7c4c0": {
                                "delete": 180000000000,
                                "read": 900000000000,
                                "update": 300000000000
                            }
                        },
                        "tainted": false
                    },
                    "deposed": [],
                    "provider": "provider.aws"
                },
                "aws_instance.PubInst": {
                    "type": "aws_instance",
                    "depends_on": [
                        "aws_security_group.Rds_Sec",
                        "aws_subnet.us-east-1a-public"
                    ],
                    "primary": {
                        "id": "i-0c9738d05218a0ddb",
                        "attributes": {
                            "ami": "ami-05c2d010ff77e020c",
                            "arn": "arn:aws:ec2:us-east-1:755382930802:instance/i-0c9738d05218a0ddb",
                            "associate_public_ip_address": "true",
                            "availability_zone": "us-east-1a",
                            "cpu_core_count": "2",
                            "cpu_threads_per_core": "1",
                            "credit_specification.#": "1",
                            "credit_specification.0.cpu_credits": "standard",
                            "disable_api_termination": "false",
                            "ebs_block_device.#": "0",
                            "ebs_optimized": "false",
                            "ephemeral_block_device.#": "0",
                            "get_password_data": "true",
                            "iam_instance_profile": "",
                            "id": "i-0c9738d05218a0ddb",
                            "instance_state": "running",
                            "instance_type": "t2.medium",
                            "ipv6_addresses.#": "0",
                            "key_name": "IMP",
                            "monitoring": "false",
                            "network_interface.#": "0",
                            "network_interface_id": "eni-0ba07a14b73cdff7d",
                            "password_data": "Gf/IK9e/sTA9FU9Faw/NpHzXdL8W0AckuHg6A0Z16ikcY6SHhNJ8VJI118wW8GhkJ0lqHTBGTx3FJnYK9qBobe8kGK+X8ZcKBT4FtLRBZ7GlwYPEWzKhI3TcbT6WBVlqAFINTsKkrkqGAC+fJGzytwpIQrqtKwBegeNgi3ibbXKTuRur/HuBQtMMm4gRQDD89cxTiZgG5eU9RQ+Xx0Vgl5mnYVLqf1fVKv2MM4XCQ/n+jDCX54gA4PexPmMD2XQMY+KXr+sBAOFoqLOyYXWpdOlzIT1pbgbNFqTKufWsuo7pUjr2hM2CSBXnldWGYx0Dsh0y4SO2fp78QYRGuM86Pg==",
                            "placement_group": "",
                            "primary_network_interface_id": "eni-0ba07a14b73cdff7d",
                            "private_dns": "ip-10-20-1-127.ec2.internal",
                            "private_ip": "10.20.1.127",
                            "public_dns": "ec2-34-229-149-177.compute-1.amazonaws.com",
                            "public_ip": "34.229.149.177",
                            "root_block_device.#": "1",
                            "root_block_device.0.delete_on_termination": "true",
                            "root_block_device.0.iops": "150",
                            "root_block_device.0.volume_id": "vol-04a11b9c0b09c6dd0",
                            "root_block_device.0.volume_size": "50",
                            "root_block_device.0.volume_type": "gp2",
                            "security_groups.#": "0",
                            "source_dest_check": "true",
                            "subnet_id": "subnet-0cc6d339652c64799",
                            "tags.%": "1",
                            "tags.Name": "HOSTNAME-01-01",
                            "tenancy": "default",
                            "user_data": "0c2882648dfdb5c561c6876a39c4491268d05fbb",
                            "volume_tags.%": "0",
                            "vpc_security_group_ids.#": "1",
                            "vpc_security_group_ids.3983461932": "sg-0afa3f363dfaeab58"
                        },
                        "meta": {
                            "e2bfb730-ecaa-11e6-8f88-34363bc7c4c0": {
                                "create": 600000000000,
                                "delete": 1200000000000,
                                "update": 600000000000
                            },
                            "schema_version": "1"
                        },
                        "tainted": false
                    },
                    "deposed": [],
                    "provider": "provider.aws"
                },
                "aws_internet_gateway.IGW": {
                    "type": "aws_internet_gateway",
                    "depends_on": [
                        "aws_vpc.IMP_vpc"
                    ],
                    "primary": {
                        "id": "igw-0d01d6ab2ae882cdb",
                        "attributes": {
                            "id": "igw-0d01d6ab2ae882cdb",
                            "tags.%": "1",
                            "tags.Name": "us-east-1_10.20.0.0/24_IGW",
                            "vpc_id": "vpc-05ba17d6628091429"
                        },
                        "meta": {},
                        "tainted": false
                    },
                    "deposed": [],
                    "provider": "provider.aws"
                },
                "aws_main_route_table_association.PriRtAs": {
                    "type": "aws_main_route_table_association",
                    "depends_on": [
                        "aws_route_table.Private_Rt",
                        "aws_vpc.IMP_vpc"
                    ],
                    "primary": {
                        "id": "rtbassoc-0770536bb00b7642c",
                        "attributes": {
                            "id": "rtbassoc-0770536bb00b7642c",
                            "original_route_table_id": "rtb-097d0b5154198981b",
                            "route_table_id": "rtb-0172911906229f574",
                            "vpc_id": "vpc-05ba17d6628091429"
                        },
                        "meta": {},
                        "tainted": false
                    },
                    "deposed": [],
                    "provider": "provider.aws"
                },
                "aws_nat_gateway.NAT": {
                    "type": "aws_nat_gateway",
                    "depends_on": [
                        "aws_eip.EIP",
                        "aws_internet_gateway.IGW",
                        "aws_subnet.us-east-1a-public"
                    ],
                    "primary": {
                        "id": "nat-0c4c4f8036dda774e",
                        "attributes": {
                            "allocation_id": "eipalloc-0245fb5bcf38555b8",
                            "id": "nat-0c4c4f8036dda774e",
                            "network_interface_id": "eni-0023f8b85d6cbbbbb",
                            "private_ip": "10.20.1.81",
                            "public_ip": "100.24.89.127",
                            "subnet_id": "subnet-0cc6d339652c64799",
                            "tags.%": "1",
                            "tags.Name": "us-east-1_10.20.0.0/24_NAT"
                        },
                        "meta": {},
                        "tainted": false
                    },
                    "deposed": [],
                    "provider": "provider.aws"
                },
                "aws_route_table.Private_Rt": {
                    "type": "aws_route_table",
                    "depends_on": [
                        "aws_nat_gateway.NAT",
                        "aws_vpc.IMP_vpc"
                    ],
                    "primary": {
                        "id": "rtb-0172911906229f574",
                        "attributes": {
                            "id": "rtb-0172911906229f574",
                            "propagating_vgws.#": "0",
                            "route.#": "1",
                            "route.2379235505.cidr_block": "0.0.0.0/0",
                            "route.2379235505.egress_only_gateway_id": "",
                            "route.2379235505.gateway_id": "",
                            "route.2379235505.instance_id": "",
                            "route.2379235505.ipv6_cidr_block": "",
                            "route.2379235505.nat_gateway_id": "nat-0c4c4f8036dda774e",
                            "route.2379235505.network_interface_id": "",
                            "route.2379235505.vpc_peering_connection_id": "",
                            "tags.%": "1",
                            "tags.Name": "us-east-1_10.20.0.0/24_PrivateRT",
                            "vpc_id": "vpc-05ba17d6628091429"
                        },
                        "meta": {},
                        "tainted": false
                    },
                    "deposed": [],
                    "provider": "provider.aws"
                },
                "aws_route_table.Public_Rt": {
                    "type": "aws_route_table",
                    "depends_on": [
                        "aws_internet_gateway.IGW",
                        "aws_vpc.IMP_vpc"
                    ],
                    "primary": {
                        "id": "rtb-0fabfbcf097d3dea3",
                        "attributes": {
                            "id": "rtb-0fabfbcf097d3dea3",
                            "propagating_vgws.#": "0",
                            "route.#": "1",
                            "route.2305536110.cidr_block": "0.0.0.0/0",
                            "route.2305536110.egress_only_gateway_id": "",
                            "route.2305536110.gateway_id": "igw-0d01d6ab2ae882cdb",
                            "route.2305536110.instance_id": "",
                            "route.2305536110.ipv6_cidr_block": "",
                            "route.2305536110.nat_gateway_id": "",
                            "route.2305536110.network_interface_id": "",
                            "route.2305536110.vpc_peering_connection_id": "",
                            "tags.%": "1",
                            "tags.Name": "us-east-1_10.20.0.0/24_PublicRT",
                            "vpc_id": "vpc-05ba17d6628091429"
                        },
                        "meta": {},
                        "tainted": false
                    },
                    "deposed": [],
                    "provider": "provider.aws"
                },
                "aws_route_table_association.PriRTA1": {
                    "type": "aws_route_table_association",
                    "depends_on": [
                        "aws_route_table.Private_Rt",
                        "aws_subnet.us-east-1a-private"
                    ],
                    "primary": {
                        "id": "rtbassoc-08825ec424e81e377",
                        "attributes": {
                            "id": "rtbassoc-08825ec424e81e377",
                            "route_table_id": "rtb-0172911906229f574",
                            "subnet_id": "subnet-01ae72aab8e83b6eb"
                        },
                        "meta": {},
                        "tainted": false
                    },
                    "deposed": [],
                    "provider": "provider.aws"
                },
                "aws_route_table_association.PriRTA2": {
                    "type": "aws_route_table_association",
                    "depends_on": [
                        "aws_route_table.Private_Rt",
                        "aws_subnet.us-east-1b-private"
                    ],
                    "primary": {
                        "id": "rtbassoc-09f9dfc15ff0d3681",
                        "attributes": {
                            "id": "rtbassoc-09f9dfc15ff0d3681",
                            "route_table_id": "rtb-0172911906229f574",
                            "subnet_id": "subnet-0acf0945d1b6b495d"
                        },
                        "meta": {},
                        "tainted": false
                    },
                    "deposed": [],
                    "provider": "provider.aws"
                },
                "aws_route_table_association.PriRTA3": {
                    "type": "aws_route_table_association",
                    "depends_on": [
                        "aws_route_table.Private_Rt",
                        "aws_subnet.us-east-1c-private"
                    ],
                    "primary": {
                        "id": "rtbassoc-0aed0f9ddc6164c5f",
                        "attributes": {
                            "id": "rtbassoc-0aed0f9ddc6164c5f",
                            "route_table_id": "rtb-0172911906229f574",
                            "subnet_id": "subnet-0678b0d64802ee395"
                        },
                        "meta": {},
                        "tainted": false
                    },
                    "deposed": [],
                    "provider": "provider.aws"
                },
                "aws_route_table_association.PriRTA4": {
                    "type": "aws_route_table_association",
                    "depends_on": [
                        "aws_route_table.Private_Rt",
                        "aws_subnet.us-east-1d-private"
                    ],
                    "primary": {
                        "id": "rtbassoc-0ee5d343b1a3ec370",
                        "attributes": {
                            "id": "rtbassoc-0ee5d343b1a3ec370",
                            "route_table_id": "rtb-0172911906229f574",
                            "subnet_id": "subnet-0ee5a28946b9aef8e"
                        },
                        "meta": {},
                        "tainted": false
                    },
                    "deposed": [],
                    "provider": "provider.aws"
                },
                "aws_route_table_association.PriRTA5": {
                    "type": "aws_route_table_association",
                    "depends_on": [
                        "aws_route_table.Private_Rt",
                        "aws_subnet.us-east-1e-private"
                    ],
                    "primary": {
                        "id": "rtbassoc-006748aafdfed9995",
                        "attributes": {
                            "id": "rtbassoc-006748aafdfed9995",
                            "route_table_id": "rtb-0172911906229f574",
                            "subnet_id": "subnet-03185258b56531638"
                        },
                        "meta": {},
                        "tainted": false
                    },
                    "deposed": [],
                    "provider": "provider.aws"
                },
                "aws_route_table_association.PriRTA6": {
                    "type": "aws_route_table_association",
                    "depends_on": [
                        "aws_route_table.Private_Rt",
                        "aws_subnet.us-east-1f-private"
                    ],
                    "primary": {
                        "id": "rtbassoc-0adfcbcef761acef3",
                        "attributes": {
                            "id": "rtbassoc-0adfcbcef761acef3",
                            "route_table_id": "rtb-0172911906229f574",
                            "subnet_id": "subnet-0174b17884c716332"
                        },
                        "meta": {},
                        "tainted": false
                    },
                    "deposed": [],
                    "provider": "provider.aws"
                },
                "aws_route_table_association.PubRTA1": {
                    "type": "aws_route_table_association",
                    "depends_on": [
                        "aws_route_table.Public_Rt",
                        "aws_subnet.us-east-1a-public"
                    ],
                    "primary": {
                        "id": "rtbassoc-031a0f3ae3f3d4e5d",
                        "attributes": {
                            "id": "rtbassoc-031a0f3ae3f3d4e5d",
                            "route_table_id": "rtb-0fabfbcf097d3dea3",
                            "subnet_id": "subnet-0cc6d339652c64799"
                        },
                        "meta": {},
                        "tainted": false
                    },
                    "deposed": [],
                    "provider": "provider.aws"
                },
                "aws_route_table_association.PubRTA2": {
                    "type": "aws_route_table_association",
                    "depends_on": [
                        "aws_route_table.Public_Rt",
                        "aws_subnet.us-east-1b-public"
                    ],
                    "primary": {
                        "id": "rtbassoc-038fc449c10b4d793",
                        "attributes": {
                            "id": "rtbassoc-038fc449c10b4d793",
                            "route_table_id": "rtb-0fabfbcf097d3dea3",
                            "subnet_id": "subnet-0558d32389b96692f"
                        },
                        "meta": {},
                        "tainted": false
                    },
                    "deposed": [],
                    "provider": "provider.aws"
                },
                "aws_route_table_association.PubRTA3": {
                    "type": "aws_route_table_association",
                    "depends_on": [
                        "aws_route_table.Public_Rt",
                        "aws_subnet.us-east-1c-public"
                    ],
                    "primary": {
                        "id": "rtbassoc-0eeaf8822fb5e9f48",
                        "attributes": {
                            "id": "rtbassoc-0eeaf8822fb5e9f48",
                            "route_table_id": "rtb-0fabfbcf097d3dea3",
                            "subnet_id": "subnet-027448bd67f3abaa8"
                        },
                        "meta": {},
                        "tainted": false
                    },
                    "deposed": [],
                    "provider": "provider.aws"
                },
                "aws_route_table_association.PubRTA4": {
                    "type": "aws_route_table_association",
                    "depends_on": [
                        "aws_route_table.Public_Rt",
                        "aws_subnet.us-east-1d-public"
                    ],
                    "primary": {
                        "id": "rtbassoc-07c501a988d9b0c13",
                        "attributes": {
                            "id": "rtbassoc-07c501a988d9b0c13",
                            "route_table_id": "rtb-0fabfbcf097d3dea3",
                            "subnet_id": "subnet-061d43cd5550c6a50"
                        },
                        "meta": {},
                        "tainted": false
                    },
                    "deposed": [],
                    "provider": "provider.aws"
                },
                "aws_route_table_association.PubRTA5": {
                    "type": "aws_route_table_association",
                    "depends_on": [
                        "aws_route_table.Public_Rt",
                        "aws_subnet.us-east-1e-public"
                    ],
                    "primary": {
                        "id": "rtbassoc-05f39f4ba946c1db0",
                        "attributes": {
                            "id": "rtbassoc-05f39f4ba946c1db0",
                            "route_table_id": "rtb-0fabfbcf097d3dea3",
                            "subnet_id": "subnet-0d13ac0bd6a94ebdf"
                        },
                        "meta": {},
                        "tainted": false
                    },
                    "deposed": [],
                    "provider": "provider.aws"
                },
                "aws_route_table_association.PubRTA6": {
                    "type": "aws_route_table_association",
                    "depends_on": [
                        "aws_route_table.Public_Rt",
                        "aws_subnet.us-east-1f-public"
                    ],
                    "primary": {
                        "id": "rtbassoc-012e502061d80da7f",
                        "attributes": {
                            "id": "rtbassoc-012e502061d80da7f",
                            "route_table_id": "rtb-0fabfbcf097d3dea3",
                            "subnet_id": "subnet-0cb266a8358ce0970"
                        },
                        "meta": {},
                        "tainted": false
                    },
                    "deposed": [],
                    "provider": "provider.aws"
                },
                "aws_security_group.IMP-ALB-SEC": {
                    "type": "aws_security_group",
                    "depends_on": [
                        "aws_vpc.IMP_vpc"
                    ],
                    "primary": {
                        "id": "sg-00b6b1fc2a37d89d0",
                        "attributes": {
                            "arn": "arn:aws:ec2:us-east-1:755382930802:security-group/sg-00b6b1fc2a37d89d0",
                            "description": "allow HTTPS/HTTP to ALB",
                            "egress.#": "1",
                            "egress.482069346.cidr_blocks.#": "1",
                            "egress.482069346.cidr_blocks.0": "0.0.0.0/0",
                            "egress.482069346.description": "",
                            "egress.482069346.from_port": "0",
                            "egress.482069346.ipv6_cidr_blocks.#": "0",
                            "egress.482069346.prefix_list_ids.#": "0",
                            "egress.482069346.protocol": "-1",
                            "egress.482069346.security_groups.#": "0",
                            "egress.482069346.self": "false",
                            "egress.482069346.to_port": "0",
                            "id": "sg-00b6b1fc2a37d89d0",
                            "ingress.#": "1",
                            "ingress.2197420956.cidr_blocks.#": "1",
                            "ingress.2197420956.cidr_blocks.0": "0.0.0.0/0",
                            "ingress.2197420956.description": "",
                            "ingress.2197420956.from_port": "80",
                            "ingress.2197420956.ipv6_cidr_blocks.#": "0",
                            "ingress.2197420956.prefix_list_ids.#": "0",
                            "ingress.2197420956.protocol": "HTTP",
                            "ingress.2197420956.security_groups.#": "0",
                            "ingress.2197420956.self": "false",
                            "ingress.2197420956.to_port": "80",
                            "name": "IMP-ALB",
                            "owner_id": "755382930802",
                            "revoke_rules_on_delete": "false",
                            "tags.%": "1",
                            "tags.Name": "IMP-ALB-SEC",
                            "vpc_id": "vpc-05ba17d6628091429"
                        },
                        "meta": {
                            "e2bfb730-ecaa-11e6-8f88-34363bc7c4c0": {
                                "create": 600000000000,
                                "delete": 600000000000
                            },
                            "schema_version": "1"
                        },
                        "tainted": false
                    },
                    "deposed": [],
                    "provider": "provider.aws"
                },
                "aws_security_group.IMPsec": {
                    "type": "aws_security_group",
                    "depends_on": [
                        "aws_vpc.IMP_vpc"
                    ],
                    "primary": {
                        "id": "sg-03de07e88c99dd4cd",
                        "attributes": {
                            "arn": "arn:aws:ec2:us-east-1:755382930802:security-group/sg-03de07e88c99dd4cd",
                            "description": "Managed by Terraform",
                            "egress.#": "1",
                            "egress.482069346.cidr_blocks.#": "1",
                            "egress.482069346.cidr_blocks.0": "0.0.0.0/0",
                            "egress.482069346.description": "",
                            "egress.482069346.from_port": "0",
                            "egress.482069346.ipv6_cidr_blocks.#": "0",
                            "egress.482069346.prefix_list_ids.#": "0",
                            "egress.482069346.protocol": "-1",
                            "egress.482069346.security_groups.#": "0",
                            "egress.482069346.self": "false",
                            "egress.482069346.to_port": "0",
                            "id": "sg-03de07e88c99dd4cd",
                            "ingress.#": "1",
                            "ingress.3482118232.cidr_blocks.#": "1",
                            "ingress.3482118232.cidr_blocks.0": "122.160.234.0/32",
                            "ingress.3482118232.description": "",
                            "ingress.3482118232.from_port": "22",
                            "ingress.3482118232.ipv6_cidr_blocks.#": "0",
                            "ingress.3482118232.prefix_list_ids.#": "0",
                            "ingress.3482118232.protocol": "tcp",
                            "ingress.3482118232.security_groups.#": "0",
                            "ingress.3482118232.self": "true",
                            "ingress.3482118232.to_port": "22",
                            "name": "terraform-20181026060218240600000002",
                            "owner_id": "755382930802",
                            "revoke_rules_on_delete": "false",
                            "tags.%": "1",
                            "tags.Name": "Pri_Sec",
                            "vpc_id": "vpc-05ba17d6628091429"
                        },
                        "meta": {
                            "e2bfb730-ecaa-11e6-8f88-34363bc7c4c0": {
                                "create": 600000000000,
                                "delete": 600000000000
                            },
                            "schema_version": "1"
                        },
                        "tainted": false
                    },
                    "deposed": [],
                    "provider": "provider.aws"
                },
                "aws_security_group.Pub_sec": {
                    "type": "aws_security_group",
                    "depends_on": [
                        "aws_vpc.IMP_vpc"
                    ],
                    "primary": {
                        "id": "sg-0d1bdde62fe84ed46",
                        "attributes": {
                            "arn": "arn:aws:ec2:us-east-1:755382930802:security-group/sg-0d1bdde62fe84ed46",
                            "description": "Managed by Terraform",
                            "egress.#": "1",
                            "egress.482069346.cidr_blocks.#": "1",
                            "egress.482069346.cidr_blocks.0": "0.0.0.0/0",
                            "egress.482069346.description": "",
                            "egress.482069346.from_port": "0",
                            "egress.482069346.ipv6_cidr_blocks.#": "0",
                            "egress.482069346.prefix_list_ids.#": "0",
                            "egress.482069346.protocol": "-1",
                            "egress.482069346.security_groups.#": "0",
                            "egress.482069346.self": "false",
                            "egress.482069346.to_port": "0",
                            "id": "sg-0d1bdde62fe84ed46",
                            "ingress.#": "1",
                            "ingress.482069346.cidr_blocks.#": "1",
                            "ingress.482069346.cidr_blocks.0": "0.0.0.0/0",
                            "ingress.482069346.description": "",
                            "ingress.482069346.from_port": "0",
                            "ingress.482069346.ipv6_cidr_blocks.#": "0",
                            "ingress.482069346.prefix_list_ids.#": "0",
                            "ingress.482069346.protocol": "-1",
                            "ingress.482069346.security_groups.#": "0",
                            "ingress.482069346.self": "false",
                            "ingress.482069346.to_port": "0",
                            "name": "terraform-20181026080914524200000002",
                            "owner_id": "755382930802",
                            "revoke_rules_on_delete": "false",
                            "tags.%": "1",
                            "tags.Name": "Pub_Sec",
                            "vpc_id": "vpc-05ba17d6628091429"
                        },
                        "meta": {
                            "e2bfb730-ecaa-11e6-8f88-34363bc7c4c0": {
                                "create": 600000000000,
                                "delete": 600000000000
                            },
                            "schema_version": "1"
                        },
                        "tainted": false
                    },
                    "deposed": [],
                    "provider": "provider.aws"
                },
                "aws_security_group.Rds_Sec": {
                    "type": "aws_security_group",
                    "depends_on": [
                        "aws_vpc.IMP_vpc"
                    ],
                    "primary": {
                        "id": "sg-0afa3f363dfaeab58",
                        "attributes": {
                            "arn": "arn:aws:ec2:us-east-1:755382930802:security-group/sg-0afa3f363dfaeab58",
                            "description": "Managed by Terraform",
                            "egress.#": "1",
                            "egress.482069346.cidr_blocks.#": "1",
                            "egress.482069346.cidr_blocks.0": "0.0.0.0/0",
                            "egress.482069346.description": "",
                            "egress.482069346.from_port": "0",
                            "egress.482069346.ipv6_cidr_blocks.#": "0",
                            "egress.482069346.prefix_list_ids.#": "0",
                            "egress.482069346.protocol": "-1",
                            "egress.482069346.security_groups.#": "0",
                            "egress.482069346.self": "false",
                            "egress.482069346.to_port": "0",
                            "id": "sg-0afa3f363dfaeab58",
                            "ingress.#": "1",
                            "ingress.482069346.cidr_blocks.#": "1",
                            "ingress.482069346.cidr_blocks.0": "0.0.0.0/0",
                            "ingress.482069346.description": "",
                            "ingress.482069346.from_port": "0",
                            "ingress.482069346.ipv6_cidr_blocks.#": "0",
                            "ingress.482069346.prefix_list_ids.#": "0",
                            "ingress.482069346.protocol": "-1",
                            "ingress.482069346.security_groups.#": "0",
                            "ingress.482069346.self": "false",
                            "ingress.482069346.to_port": "0",
                            "name": "terraform-20181026080905023400000001",
                            "owner_id": "755382930802",
                            "revoke_rules_on_delete": "false",
                            "tags.%": "1",
                            "tags.Name": "IMP-RDS_sec",
                            "vpc_id": "vpc-05ba17d6628091429"
                        },
                        "meta": {
                            "e2bfb730-ecaa-11e6-8f88-34363bc7c4c0": {
                                "create": 600000000000,
                                "delete": 600000000000
                            },
                            "schema_version": "1"
                        },
                        "tainted": false
                    },
                    "deposed": [],
                    "provider": "provider.aws"
                },
                "aws_security_group_rule.All": {
                    "type": "aws_security_group_rule",
                    "depends_on": [
                        "aws_security_group.IMPsec"
                    ],
                    "primary": {
                        "id": "sgrule-2583952767",
                        "attributes": {
                            "cidr_blocks.#": "1",
                            "cidr_blocks.0": "0.0.0.0/0",
                            "description": "",
                            "from_port": "0",
                            "id": "sgrule-2583952767",
                            "ipv6_cidr_blocks.#": "0",
                            "prefix_list_ids.#": "0",
                            "protocol": "-1",
                            "security_group_id": "sg-03de07e88c99dd4cd",
                            "self": "false",
                            "to_port": "0",
                            "type": "egress"
                        },
                        "meta": {
                            "schema_version": "2"
                        },
                        "tainted": false
                    },
                    "deposed": [],
                    "provider": "provider.aws"
                },
                "aws_security_group_rule.SshIMP": {
                    "type": "aws_security_group_rule",
                    "depends_on": [
                        "aws_security_group.IMPsec"
                    ],
                    "primary": {
                        "id": "sgrule-1305186466",
                        "attributes": {
                            "cidr_blocks.#": "1",
                            "cidr_blocks.0": "122.160.234.0/32",
                            "description": "",
                            "from_port": "22",
                            "id": "sgrule-1305186466",
                            "ipv6_cidr_blocks.#": "0",
                            "prefix_list_ids.#": "0",
                            "protocol": "tcp",
                            "security_group_id": "sg-03de07e88c99dd4cd",
                            "self": "false",
                            "to_port": "22",
                            "type": "ingress"
                        },
                        "meta": {
                            "schema_version": "2"
                        },
                        "tainted": false
                    },
                    "deposed": [],
                    "provider": "provider.aws"
                },
                "aws_security_group_rule.SshMe": {
                    "type": "aws_security_group_rule",
                    "depends_on": [
                        "aws_security_group.IMPsec"
                    ],
                    "primary": {
                        "id": "sgrule-2851059856",
                        "attributes": {
                            "cidr_blocks.#": "0",
                            "description": "",
                            "from_port": "22",
                            "id": "sgrule-2851059856",
                            "ipv6_cidr_blocks.#": "0",
                            "prefix_list_ids.#": "0",
                            "protocol": "tcp",
                            "security_group_id": "sg-03de07e88c99dd4cd",
                            "self": "true",
                            "source_security_group_id": "sg-03de07e88c99dd4cd",
                            "to_port": "22",
                            "type": "ingress"
                        },
                        "meta": {
                            "schema_version": "2"
                        },
                        "tainted": false
                    },
                    "deposed": [],
                    "provider": "provider.aws"
                },
                "aws_subnet.us-east-1a-private": {
                    "type": "aws_subnet",
                    "depends_on": [
                        "aws_vpc.IMP_vpc",
                        "data.aws_availability_zones.azs"
                    ],
                    "primary": {
                        "id": "subnet-01ae72aab8e83b6eb",
                        "attributes": {
                            "arn": "arn:aws:ec2:us-east-1:755382930802:subnet/subnet-01ae72aab8e83b6eb",
                            "assign_ipv6_address_on_creation": "false",
                            "availability_zone": "us-east-1a",
                            "cidr_block": "10.20.7.0/24",
                            "id": "subnet-01ae72aab8e83b6eb",
                            "map_public_ip_on_launch": "false",
                            "tags.%": "1",
                            "tags.Name": "us-east-1a_10.20.7.0/24_Pri",
                            "vpc_id": "vpc-05ba17d6628091429"
                        },
                        "meta": {
                            "e2bfb730-ecaa-11e6-8f88-34363bc7c4c0": {
                                "create": 600000000000,
                                "delete": 600000000000
                            },
                            "schema_version": "1"
                        },
                        "tainted": false
                    },
                    "deposed": [],
                    "provider": "provider.aws"
                },
                "aws_subnet.us-east-1a-public": {
                    "type": "aws_subnet",
                    "depends_on": [
                        "aws_vpc.IMP_vpc",
                        "data.aws_availability_zones.azs"
                    ],
                    "primary": {
                        "id": "subnet-0cc6d339652c64799",
                        "attributes": {
                            "arn": "arn:aws:ec2:us-east-1:755382930802:subnet/subnet-0cc6d339652c64799",
                            "assign_ipv6_address_on_creation": "false",
                            "availability_zone": "us-east-1a",
                            "cidr_block": "10.20.1.0/24",
                            "id": "subnet-0cc6d339652c64799",
                            "map_public_ip_on_launch": "false",
                            "tags.%": "1",
                            "tags.Name": "us-east-1a_10.20.1.0/24_Pub",
                            "vpc_id": "vpc-05ba17d6628091429"
                        },
                        "meta": {
                            "e2bfb730-ecaa-11e6-8f88-34363bc7c4c0": {
                                "create": 600000000000,
                                "delete": 600000000000
                            },
                            "schema_version": "1"
                        },
                        "tainted": false
                    },
                    "deposed": [],
                    "provider": "provider.aws"
                },
                "aws_subnet.us-east-1b-private": {
                    "type": "aws_subnet",
                    "depends_on": [
                        "aws_vpc.IMP_vpc",
                        "data.aws_availability_zones.azs"
                    ],
                    "primary": {
                        "id": "subnet-0acf0945d1b6b495d",
                        "attributes": {
                            "arn": "arn:aws:ec2:us-east-1:755382930802:subnet/subnet-0acf0945d1b6b495d",
                            "assign_ipv6_address_on_creation": "false",
                            "availability_zone": "us-east-1b",
                            "cidr_block": "10.20.8.0/24",
                            "id": "subnet-0acf0945d1b6b495d",
                            "map_public_ip_on_launch": "false",
                            "tags.%": "1",
                            "tags.Name": "us-east-1b_10.20.8.0/24_Pri",
                            "vpc_id": "vpc-05ba17d6628091429"
                        },
                        "meta": {
                            "e2bfb730-ecaa-11e6-8f88-34363bc7c4c0": {
                                "create": 600000000000,
                                "delete": 600000000000
                            },
                            "schema_version": "1"
                        },
                        "tainted": false
                    },
                    "deposed": [],
                    "provider": "provider.aws"
                },
                "aws_subnet.us-east-1b-public": {
                    "type": "aws_subnet",
                    "depends_on": [
                        "aws_vpc.IMP_vpc",
                        "data.aws_availability_zones.azs"
                    ],
                    "primary": {
                        "id": "subnet-0558d32389b96692f",
                        "attributes": {
                            "arn": "arn:aws:ec2:us-east-1:755382930802:subnet/subnet-0558d32389b96692f",
                            "assign_ipv6_address_on_creation": "false",
                            "availability_zone": "us-east-1b",
                            "cidr_block": "10.20.2.0/24",
                            "id": "subnet-0558d32389b96692f",
                            "map_public_ip_on_launch": "false",
                            "tags.%": "1",
                            "tags.Name": "us-east-1b_10.20.2.0/24_Pub",
                            "vpc_id": "vpc-05ba17d6628091429"
                        },
                        "meta": {
                            "e2bfb730-ecaa-11e6-8f88-34363bc7c4c0": {
                                "create": 600000000000,
                                "delete": 600000000000
                            },
                            "schema_version": "1"
                        },
                        "tainted": false
                    },
                    "deposed": [],
                    "provider": "provider.aws"
                },
                "aws_subnet.us-east-1c-private": {
                    "type": "aws_subnet",
                    "depends_on": [
                        "aws_vpc.IMP_vpc",
                        "data.aws_availability_zones.azs"
                    ],
                    "primary": {
                        "id": "subnet-0678b0d64802ee395",
                        "attributes": {
                            "arn": "arn:aws:ec2:us-east-1:755382930802:subnet/subnet-0678b0d64802ee395",
                            "assign_ipv6_address_on_creation": "false",
                            "availability_zone": "us-east-1c",
                            "cidr_block": "10.20.9.0/24",
                            "id": "subnet-0678b0d64802ee395",
                            "map_public_ip_on_launch": "false",
                            "tags.%": "1",
                            "tags.Name": "us-east-1c_10.20.9.0/24_Pri",
                            "vpc_id": "vpc-05ba17d6628091429"
                        },
                        "meta": {
                            "e2bfb730-ecaa-11e6-8f88-34363bc7c4c0": {
                                "create": 600000000000,
                                "delete": 600000000000
                            },
                            "schema_version": "1"
                        },
                        "tainted": false
                    },
                    "deposed": [],
                    "provider": "provider.aws"
                },
                "aws_subnet.us-east-1c-public": {
                    "type": "aws_subnet",
                    "depends_on": [
                        "aws_vpc.IMP_vpc",
                        "data.aws_availability_zones.azs"
                    ],
                    "primary": {
                        "id": "subnet-027448bd67f3abaa8",
                        "attributes": {
                            "arn": "arn:aws:ec2:us-east-1:755382930802:subnet/subnet-027448bd67f3abaa8",
                            "assign_ipv6_address_on_creation": "false",
                            "availability_zone": "us-east-1c",
                            "cidr_block": "10.20.3.0/24",
                            "id": "subnet-027448bd67f3abaa8",
                            "map_public_ip_on_launch": "false",
                            "tags.%": "1",
                            "tags.Name": "us-east-1c_10.20.3.0/24_Pub",
                            "vpc_id": "vpc-05ba17d6628091429"
                        },
                        "meta": {
                            "e2bfb730-ecaa-11e6-8f88-34363bc7c4c0": {
                                "create": 600000000000,
                                "delete": 600000000000
                            },
                            "schema_version": "1"
                        },
                        "tainted": false
                    },
                    "deposed": [],
                    "provider": "provider.aws"
                },
                "aws_subnet.us-east-1d-private": {
                    "type": "aws_subnet",
                    "depends_on": [
                        "aws_vpc.IMP_vpc",
                        "data.aws_availability_zones.azs"
                    ],
                    "primary": {
                        "id": "subnet-0ee5a28946b9aef8e",
                        "attributes": {
                            "arn": "arn:aws:ec2:us-east-1:755382930802:subnet/subnet-0ee5a28946b9aef8e",
                            "assign_ipv6_address_on_creation": "false",
                            "availability_zone": "us-east-1d",
                            "cidr_block": "10.20.10.0/24",
                            "id": "subnet-0ee5a28946b9aef8e",
                            "map_public_ip_on_launch": "false",
                            "tags.%": "1",
                            "tags.Name": "us-east-1d_10.20.10.0/24_Pri",
                            "vpc_id": "vpc-05ba17d6628091429"
                        },
                        "meta": {
                            "e2bfb730-ecaa-11e6-8f88-34363bc7c4c0": {
                                "create": 600000000000,
                                "delete": 600000000000
                            },
                            "schema_version": "1"
                        },
                        "tainted": false
                    },
                    "deposed": [],
                    "provider": "provider.aws"
                },
                "aws_subnet.us-east-1d-public": {
                    "type": "aws_subnet",
                    "depends_on": [
                        "aws_vpc.IMP_vpc",
                        "data.aws_availability_zones.azs"
                    ],
                    "primary": {
                        "id": "subnet-061d43cd5550c6a50",
                        "attributes": {
                            "arn": "arn:aws:ec2:us-east-1:755382930802:subnet/subnet-061d43cd5550c6a50",
                            "assign_ipv6_address_on_creation": "false",
                            "availability_zone": "us-east-1d",
                            "cidr_block": "10.20.4.0/24",
                            "id": "subnet-061d43cd5550c6a50",
                            "map_public_ip_on_launch": "false",
                            "tags.%": "1",
                            "tags.Name": "us-east-1d_10.20.4.0/24_Pub",
                            "vpc_id": "vpc-05ba17d6628091429"
                        },
                        "meta": {
                            "e2bfb730-ecaa-11e6-8f88-34363bc7c4c0": {
                                "create": 600000000000,
                                "delete": 600000000000
                            },
                            "schema_version": "1"
                        },
                        "tainted": false
                    },
                    "deposed": [],
                    "provider": "provider.aws"
                },
                "aws_subnet.us-east-1e-private": {
                    "type": "aws_subnet",
                    "depends_on": [
                        "aws_vpc.IMP_vpc",
                        "data.aws_availability_zones.azs"
                    ],
                    "primary": {
                        "id": "subnet-03185258b56531638",
                        "attributes": {
                            "arn": "arn:aws:ec2:us-east-1:755382930802:subnet/subnet-03185258b56531638",
                            "assign_ipv6_address_on_creation": "false",
                            "availability_zone": "us-east-1e",
                            "cidr_block": "10.20.11.0/24",
                            "id": "subnet-03185258b56531638",
                            "map_public_ip_on_launch": "false",
                            "tags.%": "1",
                            "tags.Name": "us-east-1e_10.20.11.0/24_Pri",
                            "vpc_id": "vpc-05ba17d6628091429"
                        },
                        "meta": {
                            "e2bfb730-ecaa-11e6-8f88-34363bc7c4c0": {
                                "create": 600000000000,
                                "delete": 600000000000
                            },
                            "schema_version": "1"
                        },
                        "tainted": false
                    },
                    "deposed": [],
                    "provider": "provider.aws"
                },
                "aws_subnet.us-east-1e-public": {
                    "type": "aws_subnet",
                    "depends_on": [
                        "aws_vpc.IMP_vpc",
                        "data.aws_availability_zones.azs"
                    ],
                    "primary": {
                        "id": "subnet-0d13ac0bd6a94ebdf",
                        "attributes": {
                            "arn": "arn:aws:ec2:us-east-1:755382930802:subnet/subnet-0d13ac0bd6a94ebdf",
                            "assign_ipv6_address_on_creation": "false",
                            "availability_zone": "us-east-1e",
                            "cidr_block": "10.20.5.0/24",
                            "id": "subnet-0d13ac0bd6a94ebdf",
                            "map_public_ip_on_launch": "false",
                            "tags.%": "1",
                            "tags.Name": "us-east-1e_10.20.5.0/24_Pub",
                            "vpc_id": "vpc-05ba17d6628091429"
                        },
                        "meta": {
                            "e2bfb730-ecaa-11e6-8f88-34363bc7c4c0": {
                                "create": 600000000000,
                                "delete": 600000000000
                            },
                            "schema_version": "1"
                        },
                        "tainted": false
                    },
                    "deposed": [],
                    "provider": "provider.aws"
                },
                "aws_subnet.us-east-1f-private": {
                    "type": "aws_subnet",
                    "depends_on": [
                        "aws_vpc.IMP_vpc",
                        "data.aws_availability_zones.azs"
                    ],
                    "primary": {
                        "id": "subnet-0174b17884c716332",
                        "attributes": {
                            "arn": "arn:aws:ec2:us-east-1:755382930802:subnet/subnet-0174b17884c716332",
                            "assign_ipv6_address_on_creation": "false",
                            "availability_zone": "us-east-1f",
                            "cidr_block": "10.20.12.0/24",
                            "id": "subnet-0174b17884c716332",
                            "map_public_ip_on_launch": "false",
                            "tags.%": "1",
                            "tags.Name": "us-east-1f_10.20.12.0/24_Pri",
                            "vpc_id": "vpc-05ba17d6628091429"
                        },
                        "meta": {
                            "e2bfb730-ecaa-11e6-8f88-34363bc7c4c0": {
                                "create": 600000000000,
                                "delete": 600000000000
                            },
                            "schema_version": "1"
                        },
                        "tainted": false
                    },
                    "deposed": [],
                    "provider": "provider.aws"
                },
                "aws_subnet.us-east-1f-public": {
                    "type": "aws_subnet",
                    "depends_on": [
                        "aws_vpc.IMP_vpc",
                        "data.aws_availability_zones.azs"
                    ],
                    "primary": {
                        "id": "subnet-0cb266a8358ce0970",
                        "attributes": {
                            "arn": "arn:aws:ec2:us-east-1:755382930802:subnet/subnet-0cb266a8358ce0970",
                            "assign_ipv6_address_on_creation": "false",
                            "availability_zone": "us-east-1f",
                            "cidr_block": "10.20.6.0/24",
                            "id": "subnet-0cb266a8358ce0970",
                            "map_public_ip_on_launch": "false",
                            "tags.%": "1",
                            "tags.Name": "us-east-1f_10.20.6.0/24_Pub",
                            "vpc_id": "vpc-05ba17d6628091429"
                        },
                        "meta": {
                            "e2bfb730-ecaa-11e6-8f88-34363bc7c4c0": {
                                "create": 600000000000,
                                "delete": 600000000000
                            },
                            "schema_version": "1"
                        },
                        "tainted": false
                    },
                    "deposed": [],
                    "provider": "provider.aws"
                },
                "aws_vpc.IMP_vpc": {
                    "type": "aws_vpc",
                    "depends_on": [],
                    "primary": {
                        "id": "vpc-05ba17d6628091429",
                        "attributes": {
                            "arn": "arn:aws:ec2:us-east-1:755382930802:vpc/vpc-05ba17d6628091429",
                            "assign_generated_ipv6_cidr_block": "false",
                            "cidr_block": "10.20.0.0/16",
                            "default_network_acl_id": "acl-0ca82ffea87a92f87",
                            "default_route_table_id": "rtb-0172911906229f574",
                            "default_security_group_id": "sg-0e3a9f33e2c213938",
                            "dhcp_options_id": "dopt-872767fc",
                            "enable_classiclink": "false",
                            "enable_classiclink_dns_support": "false",
                            "enable_dns_hostnames": "true",
                            "enable_dns_support": "true",
                            "id": "vpc-05ba17d6628091429",
                            "instance_tenancy": "default",
                            "main_route_table_id": "rtb-0172911906229f574",
                            "tags.%": "1",
                            "tags.Name": "us-east-1-10.20.0.0/16"
                        },
                        "meta": {
                            "schema_version": "1"
                        },
                        "tainted": false
                    },
                    "deposed": [],
                    "provider": "provider.aws"
                },
                "data.aws_availability_zones.azs": {
                    "type": "aws_availability_zones",
                    "depends_on": [],
                    "primary": {
                        "id": "2018-10-26 11:22:26.6841477 +0000 UTC",
                        "attributes": {
                            "id": "2018-10-26 11:22:26.6841477 +0000 UTC",
                            "names.#": "6",
                            "names.0": "us-east-1a",
                            "names.1": "us-east-1b",
                            "names.2": "us-east-1c",
                            "names.3": "us-east-1d",
                            "names.4": "us-east-1e",
                            "names.5": "us-east-1f"
                        },
                        "meta": {},
                        "tainted": false
                    },
                    "deposed": [],
                    "provider": "provider.aws"
                }
            },
            "depends_on": []
        }
    ]
}
