{
    "version": 3,
    "terraform_version": "0.11.8",
    "serial": 7,
    "lineage": "d4799aa1-78a9-37fc-a6f3-9b40394be130",
    "modules": [
        {
            "path": [
                "root"
            ],
            "outputs": {},
            "resources": {
                "aws_eip.EIP": {
                    "type": "aws_eip",
                    "depends_on": [],
                    "primary": {
                        "id": "eipalloc-05d7a19b0ef8bcca9",
                        "attributes": {
                            "association_id": "eipassoc-9af4ec40",
                            "domain": "vpc",
                            "id": "eipalloc-05d7a19b0ef8bcca9",
                            "instance": "",
                            "network_interface": "eni-0f1d4107774372654",
                            "private_ip": "10.20.7.40",
                            "public_ip": "35.174.195.181",
                            "tags.%": "1",
                            "tags.Name": "us-east-1_10.20.0.0/24_EIP",
                            "vpc": "true"
                        },
                        "meta": {
                            "e2bfb730-ecaa-11e6-8f88-34363bc7c4c0": {
                                "delete": 180000000000,
                                "read": 900000000000,
                                "update": 300000000000
                            }
                        },
                        "tainted": false
                    },
                    "deposed": [],
                    "provider": "provider.aws"
                },
                "aws_internet_gateway.IMP_IG": {
                    "type": "aws_internet_gateway",
                    "depends_on": [
                        "aws_vpc.IMP"
                    ],
                    "primary": {
                        "id": "igw-015d5b083fe9b7b19",
                        "attributes": {
                            "id": "igw-015d5b083fe9b7b19",
                            "tags.%": "1",
                            "tags.Name": "us-east-1_10.20.0.0/24_IMP_IG",
                            "vpc_id": "vpc-0f55d40c5a0d77405"
                        },
                        "meta": {},
                        "tainted": false
                    },
                    "deposed": [],
                    "provider": "provider.aws"
                },
                "aws_main_route_table_association.MainRtAs": {
                    "type": "aws_main_route_table_association",
                    "depends_on": [
                        "aws_route_table.Private_rt",
                        "aws_vpc.IMP"
                    ],
                    "primary": {
                        "id": "rtbassoc-01e333d64c8af1ad6",
                        "attributes": {
                            "id": "rtbassoc-01e333d64c8af1ad6",
                            "original_route_table_id": "rtb-0088f4aea97051687",
                            "route_table_id": "rtb-06a5d213e2b86fda9",
                            "vpc_id": "vpc-0f55d40c5a0d77405"
                        },
                        "meta": {},
                        "tainted": false
                    },
                    "deposed": [],
                    "provider": "provider.aws"
                },
                "aws_nat_gateway.NAT": {
                    "type": "aws_nat_gateway",
                    "depends_on": [
                        "aws_eip.EIP",
                        "aws_internet_gateway.IMP_IG",
                        "aws_subnet.Private"
                    ],
                    "primary": {
                        "id": "nat-0803fccebce2fdbf9",
                        "attributes": {
                            "allocation_id": "eipalloc-05d7a19b0ef8bcca9",
                            "id": "nat-0803fccebce2fdbf9",
                            "network_interface_id": "eni-0f1d4107774372654",
                            "private_ip": "10.20.7.40",
                            "public_ip": "35.174.195.181",
                            "subnet_id": "subnet-0f3a89cc43db6411f",
                            "tags.%": "1",
                            "tags.Name": "us-east-1_10.20.0.0/24_NAT"
                        },
                        "meta": {},
                        "tainted": false
                    },
                    "deposed": [],
                    "provider": "provider.aws"
                },
                "aws_route_table.Private_rt": {
                    "type": "aws_route_table",
                    "depends_on": [
                        "aws_nat_gateway.NAT",
                        "aws_vpc.IMP"
                    ],
                    "primary": {
                        "id": "rtb-06a5d213e2b86fda9",
                        "attributes": {
                            "id": "rtb-06a5d213e2b86fda9",
                            "propagating_vgws.#": "0",
                            "route.#": "1",
                            "route.4281629615.cidr_block": "0.0.0.0/0",
                            "route.4281629615.egress_only_gateway_id": "",
                            "route.4281629615.gateway_id": "",
                            "route.4281629615.instance_id": "",
                            "route.4281629615.ipv6_cidr_block": "",
                            "route.4281629615.nat_gateway_id": "nat-0803fccebce2fdbf9",
                            "route.4281629615.network_interface_id": "",
                            "route.4281629615.vpc_peering_connection_id": "",
                            "tags.%": "1",
                            "tags.Name": "us-east-1_10.20.0.0/24_PrivateRT",
                            "vpc_id": "vpc-0f55d40c5a0d77405"
                        },
                        "meta": {},
                        "tainted": false
                    },
                    "deposed": [],
                    "provider": "provider.aws"
                },
                "aws_route_table.Public_rt": {
                    "type": "aws_route_table",
                    "depends_on": [
                        "aws_internet_gateway.IMP_IG",
                        "aws_vpc.IMP"
                    ],
                    "primary": {
                        "id": "rtb-04c8094a62bf7b710",
                        "attributes": {
                            "id": "rtb-04c8094a62bf7b710",
                            "propagating_vgws.#": "0",
                            "route.#": "1",
                            "route.628997288.cidr_block": "0.0.0.0/0",
                            "route.628997288.egress_only_gateway_id": "",
                            "route.628997288.gateway_id": "igw-015d5b083fe9b7b19",
                            "route.628997288.instance_id": "",
                            "route.628997288.ipv6_cidr_block": "",
                            "route.628997288.nat_gateway_id": "",
                            "route.628997288.network_interface_id": "",
                            "route.628997288.vpc_peering_connection_id": "",
                            "tags.%": "1",
                            "tags.Name": "us-east-1_10.20.0.0/24_PublicRT",
                            "vpc_id": "vpc-0f55d40c5a0d77405"
                        },
                        "meta": {},
                        "tainted": false
                    },
                    "deposed": [],
                    "provider": "provider.aws"
                },
                "aws_route_table_association.PriRtAs.0": {
                    "type": "aws_route_table_association",
                    "depends_on": [
                        "aws_route_table.Private_rt",
                        "aws_subnet.Private.*"
                    ],
                    "primary": {
                        "id": "rtbassoc-00467a7554eadee83",
                        "attributes": {
                            "id": "rtbassoc-00467a7554eadee83",
                            "route_table_id": "rtb-06a5d213e2b86fda9",
                            "subnet_id": "subnet-0f3a89cc43db6411f"
                        },
                        "meta": {},
                        "tainted": false
                    },
                    "deposed": [],
                    "provider": "provider.aws"
                },
                "aws_route_table_association.PriRtAs.1": {
                    "type": "aws_route_table_association",
                    "depends_on": [
                        "aws_route_table.Private_rt",
                        "aws_subnet.Private.*"
                    ],
                    "primary": {
                        "id": "rtbassoc-0730e0e57778a1345",
                        "attributes": {
                            "id": "rtbassoc-0730e0e57778a1345",
                            "route_table_id": "rtb-06a5d213e2b86fda9",
                            "subnet_id": "subnet-0ca54ee28aeb354ac"
                        },
                        "meta": {},
                        "tainted": false
                    },
                    "deposed": [],
                    "provider": "provider.aws"
                },
                "aws_route_table_association.PriRtAs.2": {
                    "type": "aws_route_table_association",
                    "depends_on": [
                        "aws_route_table.Private_rt",
                        "aws_subnet.Private.*"
                    ],
                    "primary": {
                        "id": "rtbassoc-05fc0260c318cd3c5",
                        "attributes": {
                            "id": "rtbassoc-05fc0260c318cd3c5",
                            "route_table_id": "rtb-06a5d213e2b86fda9",
                            "subnet_id": "subnet-0511651c37fea9688"
                        },
                        "meta": {},
                        "tainted": false
                    },
                    "deposed": [],
                    "provider": "provider.aws"
                },
                "aws_route_table_association.PriRtAs.3": {
                    "type": "aws_route_table_association",
                    "depends_on": [
                        "aws_route_table.Private_rt",
                        "aws_subnet.Private.*"
                    ],
                    "primary": {
                        "id": "rtbassoc-0bf07ab3d40a4df08",
                        "attributes": {
                            "id": "rtbassoc-0bf07ab3d40a4df08",
                            "route_table_id": "rtb-06a5d213e2b86fda9",
                            "subnet_id": "subnet-0e539d99a70572b30"
                        },
                        "meta": {},
                        "tainted": false
                    },
                    "deposed": [],
                    "provider": "provider.aws"
                },
                "aws_route_table_association.PriRtAs.4": {
                    "type": "aws_route_table_association",
                    "depends_on": [
                        "aws_route_table.Private_rt",
                        "aws_subnet.Private.*"
                    ],
                    "primary": {
                        "id": "rtbassoc-07d593ca15fd8a978",
                        "attributes": {
                            "id": "rtbassoc-07d593ca15fd8a978",
                            "route_table_id": "rtb-06a5d213e2b86fda9",
                            "subnet_id": "subnet-0884b02bfbf2e0c42"
                        },
                        "meta": {},
                        "tainted": false
                    },
                    "deposed": [],
                    "provider": "provider.aws"
                },
                "aws_route_table_association.PriRtAs.5": {
                    "type": "aws_route_table_association",
                    "depends_on": [
                        "aws_route_table.Private_rt",
                        "aws_subnet.Private.*"
                    ],
                    "primary": {
                        "id": "rtbassoc-085852bc0ac50ca3c",
                        "attributes": {
                            "id": "rtbassoc-085852bc0ac50ca3c",
                            "route_table_id": "rtb-06a5d213e2b86fda9",
                            "subnet_id": "subnet-0d8e516ae41554345"
                        },
                        "meta": {},
                        "tainted": false
                    },
                    "deposed": [],
                    "provider": "provider.aws"
                },
                "aws_route_table_association.PubRtAs.0": {
                    "type": "aws_route_table_association",
                    "depends_on": [
                        "aws_route_table.Public_rt",
                        "aws_subnet.Public.*"
                    ],
                    "primary": {
                        "id": "rtbassoc-0c089a0d3fb3a8fad",
                        "attributes": {
                            "id": "rtbassoc-0c089a0d3fb3a8fad",
                            "route_table_id": "rtb-04c8094a62bf7b710",
                            "subnet_id": "subnet-0662502a480764102"
                        },
                        "meta": {},
                        "tainted": false
                    },
                    "deposed": [],
                    "provider": "provider.aws"
                },
                "aws_route_table_association.PubRtAs.1": {
                    "type": "aws_route_table_association",
                    "depends_on": [
                        "aws_route_table.Public_rt",
                        "aws_subnet.Public.*"
                    ],
                    "primary": {
                        "id": "rtbassoc-038c1d099042b18e9",
                        "attributes": {
                            "id": "rtbassoc-038c1d099042b18e9",
                            "route_table_id": "rtb-04c8094a62bf7b710",
                            "subnet_id": "subnet-07e758439b4e14a0f"
                        },
                        "meta": {},
                        "tainted": false
                    },
                    "deposed": [],
                    "provider": "provider.aws"
                },
                "aws_route_table_association.PubRtAs.2": {
                    "type": "aws_route_table_association",
                    "depends_on": [
                        "aws_route_table.Public_rt",
                        "aws_subnet.Public.*"
                    ],
                    "primary": {
                        "id": "rtbassoc-0008f5fffd0a653ff",
                        "attributes": {
                            "id": "rtbassoc-0008f5fffd0a653ff",
                            "route_table_id": "rtb-04c8094a62bf7b710",
                            "subnet_id": "subnet-0c3cd708faad094b8"
                        },
                        "meta": {},
                        "tainted": false
                    },
                    "deposed": [],
                    "provider": "provider.aws"
                },
                "aws_route_table_association.PubRtAs.3": {
                    "type": "aws_route_table_association",
                    "depends_on": [
                        "aws_route_table.Public_rt",
                        "aws_subnet.Public.*"
                    ],
                    "primary": {
                        "id": "rtbassoc-0be7d2293c9d99727",
                        "attributes": {
                            "id": "rtbassoc-0be7d2293c9d99727",
                            "route_table_id": "rtb-04c8094a62bf7b710",
                            "subnet_id": "subnet-0cc3da028dec6c1cd"
                        },
                        "meta": {},
                        "tainted": false
                    },
                    "deposed": [],
                    "provider": "provider.aws"
                },
                "aws_route_table_association.PubRtAs.4": {
                    "type": "aws_route_table_association",
                    "depends_on": [
                        "aws_route_table.Public_rt",
                        "aws_subnet.Public.*"
                    ],
                    "primary": {
                        "id": "rtbassoc-0365bd258b87321f7",
                        "attributes": {
                            "id": "rtbassoc-0365bd258b87321f7",
                            "route_table_id": "rtb-04c8094a62bf7b710",
                            "subnet_id": "subnet-0d1cf42115eee5635"
                        },
                        "meta": {},
                        "tainted": false
                    },
                    "deposed": [],
                    "provider": "provider.aws"
                },
                "aws_route_table_association.PubRtAs.5": {
                    "type": "aws_route_table_association",
                    "depends_on": [
                        "aws_route_table.Public_rt",
                        "aws_subnet.Public.*"
                    ],
                    "primary": {
                        "id": "rtbassoc-01ca45371d5f29239",
                        "attributes": {
                            "id": "rtbassoc-01ca45371d5f29239",
                            "route_table_id": "rtb-04c8094a62bf7b710",
                            "subnet_id": "subnet-01b147642a023bca4"
                        },
                        "meta": {},
                        "tainted": false
                    },
                    "deposed": [],
                    "provider": "provider.aws"
                },
                "aws_s3_bucket.TfBucket": {
                    "type": "aws_s3_bucket",
                    "depends_on": [],
                    "primary": {
                        "id": "terraform-state-prodd",
                        "attributes": {
                            "acceleration_status": "",
                            "acl": "private",
                            "arn": "arn:aws:s3:::terraform-state-prodd",
                            "bucket": "terraform-state-prodd",
                            "bucket_domain_name": "terraform-state-prodd.s3.amazonaws.com",
                            "bucket_regional_domain_name": "terraform-state-prodd.s3.amazonaws.com",
                            "cors_rule.#": "0",
                            "force_destroy": "false",
                            "hosted_zone_id": "Z3AQBSTGFYJSTF",
                            "id": "terraform-state-prodd",
                            "lifecycle_rule.#": "0",
                            "logging.#": "0",
                            "region": "us-east-1",
                            "replication_configuration.#": "0",
                            "request_payer": "BucketOwner",
                            "server_side_encryption_configuration.#": "0",
                            "tags.%": "2",
                            "tags.Environment": "PROD",
                            "tags.Name": "Tf bucket",
                            "versioning.#": "1",
                            "versioning.0.enabled": "true",
                            "versioning.0.mfa_delete": "false",
                            "website.#": "0"
                        },
                        "meta": {},
                        "tainted": false
                    },
                    "deposed": [],
                    "provider": "provider.aws"
                },
                "aws_subnet.Private.0": {
                    "type": "aws_subnet",
                    "depends_on": [
                        "aws_vpc.IMP"
                    ],
                    "primary": {
                        "id": "subnet-0f3a89cc43db6411f",
                        "attributes": {
                            "arn": "arn:aws:ec2:us-east-1:755382930802:subnet/subnet-0f3a89cc43db6411f",
                            "assign_ipv6_address_on_creation": "false",
                            "availability_zone": "us-east-1a",
                            "cidr_block": "10.20.7.0/24",
                            "id": "subnet-0f3a89cc43db6411f",
                            "map_public_ip_on_launch": "false",
                            "tags.%": "1",
                            "tags.Name": "PriSubnet-1",
                            "vpc_id": "vpc-0f55d40c5a0d77405"
                        },
                        "meta": {
                            "e2bfb730-ecaa-11e6-8f88-34363bc7c4c0": {
                                "create": 600000000000,
                                "delete": 600000000000
                            },
                            "schema_version": "1"
                        },
                        "tainted": false
                    },
                    "deposed": [],
                    "provider": "provider.aws"
                },
                "aws_subnet.Private.1": {
                    "type": "aws_subnet",
                    "depends_on": [
                        "aws_vpc.IMP"
                    ],
                    "primary": {
                        "id": "subnet-0ca54ee28aeb354ac",
                        "attributes": {
                            "arn": "arn:aws:ec2:us-east-1:755382930802:subnet/subnet-0ca54ee28aeb354ac",
                            "assign_ipv6_address_on_creation": "false",
                            "availability_zone": "us-east-1b",
                            "cidr_block": "10.20.8.0/24",
                            "id": "subnet-0ca54ee28aeb354ac",
                            "map_public_ip_on_launch": "false",
                            "tags.%": "1",
                            "tags.Name": "PriSubnet-2",
                            "vpc_id": "vpc-0f55d40c5a0d77405"
                        },
                        "meta": {
                            "e2bfb730-ecaa-11e6-8f88-34363bc7c4c0": {
                                "create": 600000000000,
                                "delete": 600000000000
                            },
                            "schema_version": "1"
                        },
                        "tainted": false
                    },
                    "deposed": [],
                    "provider": "provider.aws"
                },
                "aws_subnet.Private.2": {
                    "type": "aws_subnet",
                    "depends_on": [
                        "aws_vpc.IMP"
                    ],
                    "primary": {
                        "id": "subnet-0511651c37fea9688",
                        "attributes": {
                            "arn": "arn:aws:ec2:us-east-1:755382930802:subnet/subnet-0511651c37fea9688",
                            "assign_ipv6_address_on_creation": "false",
                            "availability_zone": "us-east-1c",
                            "cidr_block": "10.20.9.0/24",
                            "id": "subnet-0511651c37fea9688",
                            "map_public_ip_on_launch": "false",
                            "tags.%": "1",
                            "tags.Name": "PriSubnet-3",
                            "vpc_id": "vpc-0f55d40c5a0d77405"
                        },
                        "meta": {
                            "e2bfb730-ecaa-11e6-8f88-34363bc7c4c0": {
                                "create": 600000000000,
                                "delete": 600000000000
                            },
                            "schema_version": "1"
                        },
                        "tainted": false
                    },
                    "deposed": [],
                    "provider": "provider.aws"
                },
                "aws_subnet.Private.3": {
                    "type": "aws_subnet",
                    "depends_on": [
                        "aws_vpc.IMP"
                    ],
                    "primary": {
                        "id": "subnet-0e539d99a70572b30",
                        "attributes": {
                            "arn": "arn:aws:ec2:us-east-1:755382930802:subnet/subnet-0e539d99a70572b30",
                            "assign_ipv6_address_on_creation": "false",
                            "availability_zone": "us-east-1d",
                            "cidr_block": "10.20.10.0/24",
                            "id": "subnet-0e539d99a70572b30",
                            "map_public_ip_on_launch": "false",
                            "tags.%": "1",
                            "tags.Name": "PriSubnet-4",
                            "vpc_id": "vpc-0f55d40c5a0d77405"
                        },
                        "meta": {
                            "e2bfb730-ecaa-11e6-8f88-34363bc7c4c0": {
                                "create": 600000000000,
                                "delete": 600000000000
                            },
                            "schema_version": "1"
                        },
                        "tainted": false
                    },
                    "deposed": [],
                    "provider": "provider.aws"
                },
                "aws_subnet.Private.4": {
                    "type": "aws_subnet",
                    "depends_on": [
                        "aws_vpc.IMP"
                    ],
                    "primary": {
                        "id": "subnet-0884b02bfbf2e0c42",
                        "attributes": {
                            "arn": "arn:aws:ec2:us-east-1:755382930802:subnet/subnet-0884b02bfbf2e0c42",
                            "assign_ipv6_address_on_creation": "false",
                            "availability_zone": "us-east-1e",
                            "cidr_block": "10.20.11.0/24",
                            "id": "subnet-0884b02bfbf2e0c42",
                            "map_public_ip_on_launch": "false",
                            "tags.%": "1",
                            "tags.Name": "PriSubnet-5",
                            "vpc_id": "vpc-0f55d40c5a0d77405"
                        },
                        "meta": {
                            "e2bfb730-ecaa-11e6-8f88-34363bc7c4c0": {
                                "create": 600000000000,
                                "delete": 600000000000
                            },
                            "schema_version": "1"
                        },
                        "tainted": false
                    },
                    "deposed": [],
                    "provider": "provider.aws"
                },
                "aws_subnet.Private.5": {
                    "type": "aws_subnet",
                    "depends_on": [
                        "aws_vpc.IMP"
                    ],
                    "primary": {
                        "id": "subnet-0d8e516ae41554345",
                        "attributes": {
                            "arn": "arn:aws:ec2:us-east-1:755382930802:subnet/subnet-0d8e516ae41554345",
                            "assign_ipv6_address_on_creation": "false",
                            "availability_zone": "us-east-1f",
                            "cidr_block": "10.20.12.0/24",
                            "id": "subnet-0d8e516ae41554345",
                            "map_public_ip_on_launch": "false",
                            "tags.%": "1",
                            "tags.Name": "PriSubnet-6",
                            "vpc_id": "vpc-0f55d40c5a0d77405"
                        },
                        "meta": {
                            "e2bfb730-ecaa-11e6-8f88-34363bc7c4c0": {
                                "create": 600000000000,
                                "delete": 600000000000
                            },
                            "schema_version": "1"
                        },
                        "tainted": false
                    },
                    "deposed": [],
                    "provider": "provider.aws"
                },
                "aws_subnet.Public.0": {
                    "type": "aws_subnet",
                    "depends_on": [
                        "aws_vpc.IMP"
                    ],
                    "primary": {
                        "id": "subnet-0662502a480764102",
                        "attributes": {
                            "arn": "arn:aws:ec2:us-east-1:755382930802:subnet/subnet-0662502a480764102",
                            "assign_ipv6_address_on_creation": "false",
                            "availability_zone": "us-east-1a",
                            "cidr_block": "10.20.1.0/24",
                            "id": "subnet-0662502a480764102",
                            "map_public_ip_on_launch": "false",
                            "tags.%": "1",
                            "tags.Name": "PubSubnet-1",
                            "vpc_id": "vpc-0f55d40c5a0d77405"
                        },
                        "meta": {
                            "e2bfb730-ecaa-11e6-8f88-34363bc7c4c0": {
                                "create": 600000000000,
                                "delete": 600000000000
                            },
                            "schema_version": "1"
                        },
                        "tainted": false
                    },
                    "deposed": [],
                    "provider": "provider.aws"
                },
                "aws_subnet.Public.1": {
                    "type": "aws_subnet",
                    "depends_on": [
                        "aws_vpc.IMP"
                    ],
                    "primary": {
                        "id": "subnet-07e758439b4e14a0f",
                        "attributes": {
                            "arn": "arn:aws:ec2:us-east-1:755382930802:subnet/subnet-07e758439b4e14a0f",
                            "assign_ipv6_address_on_creation": "false",
                            "availability_zone": "us-east-1b",
                            "cidr_block": "10.20.2.0/24",
                            "id": "subnet-07e758439b4e14a0f",
                            "map_public_ip_on_launch": "false",
                            "tags.%": "1",
                            "tags.Name": "PubSubnet-2",
                            "vpc_id": "vpc-0f55d40c5a0d77405"
                        },
                        "meta": {
                            "e2bfb730-ecaa-11e6-8f88-34363bc7c4c0": {
                                "create": 600000000000,
                                "delete": 600000000000
                            },
                            "schema_version": "1"
                        },
                        "tainted": false
                    },
                    "deposed": [],
                    "provider": "provider.aws"
                },
                "aws_subnet.Public.2": {
                    "type": "aws_subnet",
                    "depends_on": [
                        "aws_vpc.IMP"
                    ],
                    "primary": {
                        "id": "subnet-0c3cd708faad094b8",
                        "attributes": {
                            "arn": "arn:aws:ec2:us-east-1:755382930802:subnet/subnet-0c3cd708faad094b8",
                            "assign_ipv6_address_on_creation": "false",
                            "availability_zone": "us-east-1c",
                            "cidr_block": "10.20.3.0/24",
                            "id": "subnet-0c3cd708faad094b8",
                            "map_public_ip_on_launch": "false",
                            "tags.%": "1",
                            "tags.Name": "PubSubnet-3",
                            "vpc_id": "vpc-0f55d40c5a0d77405"
                        },
                        "meta": {
                            "e2bfb730-ecaa-11e6-8f88-34363bc7c4c0": {
                                "create": 600000000000,
                                "delete": 600000000000
                            },
                            "schema_version": "1"
                        },
                        "tainted": false
                    },
                    "deposed": [],
                    "provider": "provider.aws"
                },
                "aws_subnet.Public.3": {
                    "type": "aws_subnet",
                    "depends_on": [
                        "aws_vpc.IMP"
                    ],
                    "primary": {
                        "id": "subnet-0cc3da028dec6c1cd",
                        "attributes": {
                            "arn": "arn:aws:ec2:us-east-1:755382930802:subnet/subnet-0cc3da028dec6c1cd",
                            "assign_ipv6_address_on_creation": "false",
                            "availability_zone": "us-east-1d",
                            "cidr_block": "10.20.4.0/24",
                            "id": "subnet-0cc3da028dec6c1cd",
                            "map_public_ip_on_launch": "false",
                            "tags.%": "1",
                            "tags.Name": "PubSubnet-4",
                            "vpc_id": "vpc-0f55d40c5a0d77405"
                        },
                        "meta": {
                            "e2bfb730-ecaa-11e6-8f88-34363bc7c4c0": {
                                "create": 600000000000,
                                "delete": 600000000000
                            },
                            "schema_version": "1"
                        },
                        "tainted": false
                    },
                    "deposed": [],
                    "provider": "provider.aws"
                },
                "aws_subnet.Public.4": {
                    "type": "aws_subnet",
                    "depends_on": [
                        "aws_vpc.IMP"
                    ],
                    "primary": {
                        "id": "subnet-0d1cf42115eee5635",
                        "attributes": {
                            "arn": "arn:aws:ec2:us-east-1:755382930802:subnet/subnet-0d1cf42115eee5635",
                            "assign_ipv6_address_on_creation": "false",
                            "availability_zone": "us-east-1e",
                            "cidr_block": "10.20.5.0/24",
                            "id": "subnet-0d1cf42115eee5635",
                            "map_public_ip_on_launch": "false",
                            "tags.%": "1",
                            "tags.Name": "PubSubnet-5",
                            "vpc_id": "vpc-0f55d40c5a0d77405"
                        },
                        "meta": {
                            "e2bfb730-ecaa-11e6-8f88-34363bc7c4c0": {
                                "create": 600000000000,
                                "delete": 600000000000
                            },
                            "schema_version": "1"
                        },
                        "tainted": false
                    },
                    "deposed": [],
                    "provider": "provider.aws"
                },
                "aws_subnet.Public.5": {
                    "type": "aws_subnet",
                    "depends_on": [
                        "aws_vpc.IMP"
                    ],
                    "primary": {
                        "id": "subnet-01b147642a023bca4",
                        "attributes": {
                            "arn": "arn:aws:ec2:us-east-1:755382930802:subnet/subnet-01b147642a023bca4",
                            "assign_ipv6_address_on_creation": "false",
                            "availability_zone": "us-east-1f",
                            "cidr_block": "10.20.6.0/24",
                            "id": "subnet-01b147642a023bca4",
                            "map_public_ip_on_launch": "false",
                            "tags.%": "1",
                            "tags.Name": "PubSubnet-6",
                            "vpc_id": "vpc-0f55d40c5a0d77405"
                        },
                        "meta": {
                            "e2bfb730-ecaa-11e6-8f88-34363bc7c4c0": {
                                "create": 600000000000,
                                "delete": 600000000000
                            },
                            "schema_version": "1"
                        },
                        "tainted": false
                    },
                    "deposed": [],
                    "provider": "provider.aws"
                },
                "aws_vpc.IMP": {
                    "type": "aws_vpc",
                    "depends_on": [],
                    "primary": {
                        "id": "vpc-0f55d40c5a0d77405",
                        "attributes": {
                            "arn": "arn:aws:ec2:us-east-1:755382930802:vpc/vpc-0f55d40c5a0d77405",
                            "assign_generated_ipv6_cidr_block": "false",
                            "cidr_block": "10.20.0.0/16",
                            "default_network_acl_id": "acl-02f3f84b13fe0dde9",
                            "default_route_table_id": "rtb-06a5d213e2b86fda9",
                            "default_security_group_id": "sg-02cca8a661cbb0832",
                            "dhcp_options_id": "dopt-872767fc",
                            "enable_classiclink": "false",
                            "enable_classiclink_dns_support": "false",
                            "enable_dns_hostnames": "false",
                            "enable_dns_support": "true",
                            "id": "vpc-0f55d40c5a0d77405",
                            "instance_tenancy": "default",
                            "main_route_table_id": "rtb-06a5d213e2b86fda9",
                            "tags.%": "1",
                            "tags.Name": "us-east-1_10.20.0.0/24_IMP"
                        },
                        "meta": {
                            "schema_version": "1"
                        },
                        "tainted": false
                    },
                    "deposed": [],
                    "provider": "provider.aws"
                },
                "data.terraform_remote_state.network": {
                    "type": "terraform_remote_state",
                    "depends_on": [],
                    "primary": {
                        "id": "2018-10-31 11:42:17.0791913 +0000 UTC",
                        "attributes": {
                            "backend": "s3",
                            "config.%": "3",
                            "config.bucket": "terraform-state-prodd",
                            "config.key": "vpc/terraform.tfstate",
                            "config.region": "us-east-1",
                            "environment": "default",
                            "id": "2018-10-31 11:42:17.0791913 +0000 UTC",
                            "workspace": "default"
                        },
                        "meta": {},
                        "tainted": false
                    },
                    "deposed": [],
                    "provider": "provider.terraform"
                }
            },
            "depends_on": []
        }
    ]
}
